// !$*UTF8*$!
{
	archiveVersion = 1;
	classes = {
	};
	objectVersion = 46;
	objects = {

/* Begin PBXAggregateTarget section */
		02216F151412D39200789BD1 /* Submodules */ = {
			isa = PBXAggregateTarget;
			buildConfigurationList = 02216F161412D39200789BD1 /* Build configuration list for PBXAggregateTarget "Submodules" */;
			buildPhases = (
				02216F191412D3B700789BD1 /* mongo-c-driver */,
				02216F1A1412D3CB00789BD1 /* libjson */,
			);
			dependencies = (
			);
			name = Submodules;
			productName = Submodules;
		};
/* End PBXAggregateTarget section */

/* Begin PBXBuildFile section */
		02216F1F1412D47800789BD1 /* json.c in Sources */ = {isa = PBXBuildFile; fileRef = 02216EEA1412D32F00789BD1 /* json.c */; };
		02216F681413031B00789BD1 /* json.c in Sources */ = {isa = PBXBuildFile; fileRef = 02216EEA1412D32F00789BD1 /* json.c */; };
		02411AB51432B8FA00A5FFCA /* MOD_public.h in Headers */ = {isa = PBXBuildFile; fileRef = 02411AB41432B8F900A5FFCA /* MOD_public.h */; };
		02411AB91432D02700A5FFCA /* MODDataBinary.h in Headers */ = {isa = PBXBuildFile; fileRef = 02411AB71432D02600A5FFCA /* MODDataBinary.h */; };
		02411ABA1432D02700A5FFCA /* MODDataBinary.m in Sources */ = {isa = PBXBuildFile; fileRef = 02411AB81432D02600A5FFCA /* MODDataBinary.m */; };
		02411ABB1432D02700A5FFCA /* MODDataBinary.m in Sources */ = {isa = PBXBuildFile; fileRef = 02411AB81432D02600A5FFCA /* MODDataBinary.m */; };
		02688DDC14119CF50014ED51 /* MODDatabase.h in Headers */ = {isa = PBXBuildFile; fileRef = 02688DDA14119CF50014ED51 /* MODDatabase.h */; };
		02688DDD14119CF50014ED51 /* MODDatabase.m in Sources */ = {isa = PBXBuildFile; fileRef = 02688DDB14119CF50014ED51 /* MODDatabase.m */; };
		02688DDE14119CF50014ED51 /* MODDatabase.m in Sources */ = {isa = PBXBuildFile; fileRef = 02688DDB14119CF50014ED51 /* MODDatabase.m */; };
		02688DE21411C5010014ED51 /* MODCollection.h in Headers */ = {isa = PBXBuildFile; fileRef = 02688DE01411C5010014ED51 /* MODCollection.h */; };
		02688DE31411C5010014ED51 /* MODCollection.m in Sources */ = {isa = PBXBuildFile; fileRef = 02688DE11411C5010014ED51 /* MODCollection.m */; };
		02688DE41411C5010014ED51 /* MODCollection.m in Sources */ = {isa = PBXBuildFile; fileRef = 02688DE11411C5010014ED51 /* MODCollection.m */; };
		0272D1BF142D48AF000091A4 /* MODJsonParser.h in Headers */ = {isa = PBXBuildFile; fileRef = 0272D1BD142D48AE000091A4 /* MODJsonParser.h */; };
		0272D1C0142D48AF000091A4 /* MODJsonParser.m in Sources */ = {isa = PBXBuildFile; fileRef = 0272D1BE142D48AF000091A4 /* MODJsonParser.m */; };
		0272D1C2142D5A5C000091A4 /* MODJsonParser.m in Sources */ = {isa = PBXBuildFile; fileRef = 0272D1BE142D48AF000091A4 /* MODJsonParser.m */; };
		028CE605142E10BE0099B1F7 /* MODTimestamp.h in Headers */ = {isa = PBXBuildFile; fileRef = 028CE603142E10BE0099B1F7 /* MODTimestamp.h */; };
		028CE606142E10BE0099B1F7 /* MODTimestamp.m in Sources */ = {isa = PBXBuildFile; fileRef = 028CE604142E10BE0099B1F7 /* MODTimestamp.m */; };
		028CE608142E4A1A0099B1F7 /* MODTimestamp.m in Sources */ = {isa = PBXBuildFile; fileRef = 028CE604142E10BE0099B1F7 /* MODTimestamp.m */; };
		02A85F4614103D64004F3FE9 /* bson.c in Sources */ = {isa = PBXBuildFile; fileRef = 02A85F1A14103D4D004F3FE9 /* bson.c */; };
		02A85F4714103D64004F3FE9 /* encoding.c in Sources */ = {isa = PBXBuildFile; fileRef = 02A85F1C14103D4D004F3FE9 /* encoding.c */; };
		02A85F4814103D64004F3FE9 /* gridfs.c in Sources */ = {isa = PBXBuildFile; fileRef = 02A85F1E14103D4D004F3FE9 /* gridfs.c */; };
		02A85F4914103D64004F3FE9 /* md5.c in Sources */ = {isa = PBXBuildFile; fileRef = 02A85F2014103D4D004F3FE9 /* md5.c */; };
		02A85F4A14103D64004F3FE9 /* mongo.c in Sources */ = {isa = PBXBuildFile; fileRef = 02A85F2214103D4D004F3FE9 /* mongo.c */; };
		02A85F4B14103D64004F3FE9 /* net.c in Sources */ = {isa = PBXBuildFile; fileRef = 02A85F2414103D4D004F3FE9 /* net.c */; };
		02A85F4C14103D64004F3FE9 /* numbers.c in Sources */ = {isa = PBXBuildFile; fileRef = 02A85F2614103D4D004F3FE9 /* numbers.c */; };
		02A85F5114103EA6004F3FE9 /* MODServer.h in Headers */ = {isa = PBXBuildFile; fileRef = 02A85F4F14103EA6004F3FE9 /* MODServer.h */; settings = {ATTRIBUTES = (Public, ); }; };
		02A85F5214103EA6004F3FE9 /* MODServer.m in Sources */ = {isa = PBXBuildFile; fileRef = 02A85F5014103EA6004F3FE9 /* MODServer.m */; };
		02A85F5914104184004F3FE9 /* MODQuery.h in Headers */ = {isa = PBXBuildFile; fileRef = 02A85F5714104184004F3FE9 /* MODQuery.h */; settings = {ATTRIBUTES = (Public, ); }; };
		02A85F5A14104184004F3FE9 /* MODQuery.m in Sources */ = {isa = PBXBuildFile; fileRef = 02A85F5814104184004F3FE9 /* MODQuery.m */; };
		02A85F5D14104373004F3FE9 /* MOD_internal.h in Headers */ = {isa = PBXBuildFile; fileRef = 02A85F5B14104373004F3FE9 /* MOD_internal.h */; };
		02A85F5F1410809F004F3FE9 /* bson.h in Headers */ = {isa = PBXBuildFile; fileRef = 02A85F1B14103D4D004F3FE9 /* bson.h */; };
		02A85F60141080A2004F3FE9 /* encoding.h in Headers */ = {isa = PBXBuildFile; fileRef = 02A85F1D14103D4D004F3FE9 /* encoding.h */; };
		02A85F61141080A2004F3FE9 /* gridfs.h in Headers */ = {isa = PBXBuildFile; fileRef = 02A85F1F14103D4D004F3FE9 /* gridfs.h */; };
		02A85F62141080A2004F3FE9 /* md5.h in Headers */ = {isa = PBXBuildFile; fileRef = 02A85F2114103D4D004F3FE9 /* md5.h */; };
		02A85F63141080A2004F3FE9 /* mongo.h in Headers */ = {isa = PBXBuildFile; fileRef = 02A85F2314103D4D004F3FE9 /* mongo.h */; };
		02A85F64141080A2004F3FE9 /* net.h in Headers */ = {isa = PBXBuildFile; fileRef = 02A85F2514103D4D004F3FE9 /* net.h */; };
		02A85F65141080A2004F3FE9 /* platform.h in Headers */ = {isa = PBXBuildFile; fileRef = 02A85F2B14103D4E004F3FE9 /* platform.h */; };
		02AB057614296F9000B7CD19 /* MODObjectId.h in Headers */ = {isa = PBXBuildFile; fileRef = 02AB057414296F9000B7CD19 /* MODObjectId.h */; };
		02AB057714296F9000B7CD19 /* MODObjectId.m in Sources */ = {isa = PBXBuildFile; fileRef = 02AB057514296F9000B7CD19 /* MODObjectId.m */; };
		02AB057814296F9000B7CD19 /* MODObjectId.m in Sources */ = {isa = PBXBuildFile; fileRef = 02AB057514296F9000B7CD19 /* MODObjectId.m */; };
		02ABA1C414103B37000417F4 /* Cocoa.framework in Frameworks */ = {isa = PBXBuildFile; fileRef = 02ABA1C314103B37000417F4 /* Cocoa.framework */; };
		02BDC3E7141D6073000EF755 /* MODCursor.h in Headers */ = {isa = PBXBuildFile; fileRef = 02BDC3E5141D6073000EF755 /* MODCursor.h */; };
		02BDC3E8141D6073000EF755 /* MODCursor.m in Sources */ = {isa = PBXBuildFile; fileRef = 02BDC3E6141D6073000EF755 /* MODCursor.m */; };
		02BDC3EA141D6938000EF755 /* MODCursor.m in Sources */ = {isa = PBXBuildFile; fileRef = 02BDC3E6141D6073000EF755 /* MODCursor.m */; };
		02BDC3EC141D83A7000EF755 /* MODServer_utils.m in Sources */ = {isa = PBXBuildFile; fileRef = 02BDC3EB141D83A7000EF755 /* MODServer_utils.m */; };
		02BDC3ED141D83A7000EF755 /* MODServer_utils.m in Sources */ = {isa = PBXBuildFile; fileRef = 02BDC3EB141D83A7000EF755 /* MODServer_utils.m */; };
		02CF87E9142F8AA3000C4C7F /* MODDataRegex.h in Headers */ = {isa = PBXBuildFile; fileRef = 02CF87E7142F8AA3000C4C7F /* MODDataRegex.h */; };
		02CF87EA142F8AA3000C4C7F /* MODDataRegex.m in Sources */ = {isa = PBXBuildFile; fileRef = 02CF87E8142F8AA3000C4C7F /* MODDataRegex.m */; };
		02CF87EC142F91CA000C4C7F /* MODDataRegex.m in Sources */ = {isa = PBXBuildFile; fileRef = 02CF87E8142F8AA3000C4C7F /* MODDataRegex.m */; };
		02CF87F2142FA66D000C4C7F /* MODJsonGenerator.h in Headers */ = {isa = PBXBuildFile; fileRef = 02CF87F0142FA66D000C4C7F /* MODJsonGenerator.h */; };
		02CF87F3142FA66D000C4C7F /* MODJsonGenerator.m in Sources */ = {isa = PBXBuildFile; fileRef = 02CF87F1142FA66D000C4C7F /* MODJsonGenerator.m */; };
		02CF87F4142FA66D000C4C7F /* MODJsonGenerator.m in Sources */ = {isa = PBXBuildFile; fileRef = 02CF87F1142FA66D000C4C7F /* MODJsonGenerator.m */; };
		02F121C01410EF5200197811 /* Foundation.framework in Frameworks */ = {isa = PBXBuildFile; fileRef = 02F121BF1410EF5200197811 /* Foundation.framework */; };
		02F121C31410EF5200197811 /* main.m in Sources */ = {isa = PBXBuildFile; fileRef = 02F121C21410EF5200197811 /* main.m */; };
		02F121C71410EF5200197811 /* mongo_test.1 in CopyFiles */ = {isa = PBXBuildFile; fileRef = 02F121C61410EF5200197811 /* mongo_test.1 */; };
		02F121CC1410F01B00197811 /* MODServer.m in Sources */ = {isa = PBXBuildFile; fileRef = 02A85F5014103EA6004F3FE9 /* MODServer.m */; };
		02F121CD1410F01D00197811 /* MODQuery.m in Sources */ = {isa = PBXBuildFile; fileRef = 02A85F5814104184004F3FE9 /* MODQuery.m */; };
		02F121CE1410F07200197811 /* bson.c in Sources */ = {isa = PBXBuildFile; fileRef = 02A85F1A14103D4D004F3FE9 /* bson.c */; };
		02F121CF1410F07200197811 /* encoding.c in Sources */ = {isa = PBXBuildFile; fileRef = 02A85F1C14103D4D004F3FE9 /* encoding.c */; };
		02F121D01410F07200197811 /* gridfs.c in Sources */ = {isa = PBXBuildFile; fileRef = 02A85F1E14103D4D004F3FE9 /* gridfs.c */; };
		02F121D11410F07200197811 /* md5.c in Sources */ = {isa = PBXBuildFile; fileRef = 02A85F2014103D4D004F3FE9 /* md5.c */; };
		02F121D21410F07200197811 /* mongo.c in Sources */ = {isa = PBXBuildFile; fileRef = 02A85F2214103D4D004F3FE9 /* mongo.c */; };
		02F121D31410F07200197811 /* net.c in Sources */ = {isa = PBXBuildFile; fileRef = 02A85F2414103D4D004F3FE9 /* net.c */; };
		02F121D41410F07200197811 /* numbers.c in Sources */ = {isa = PBXBuildFile; fileRef = 02A85F2614103D4D004F3FE9 /* numbers.c */; };
/* End PBXBuildFile section */

/* Begin PBXContainerItemProxy section */
		02216F1B1412D42B00789BD1 /* PBXContainerItemProxy */ = {
			isa = PBXContainerItemProxy;
			containerPortal = 02ABA1B614103B36000417F4 /* Project object */;
			proxyType = 1;
			remoteGlobalIDString = 02216F151412D39200789BD1;
			remoteInfo = Submodules;
		};
		02216F1D1412D43C00789BD1 /* PBXContainerItemProxy */ = {
			isa = PBXContainerItemProxy;
			containerPortal = 02ABA1B614103B36000417F4 /* Project object */;
			proxyType = 1;
			remoteGlobalIDString = 02216F151412D39200789BD1;
			remoteInfo = Submodules;
		};
/* End PBXContainerItemProxy section */

/* Begin PBXCopyFilesBuildPhase section */
		02F121BB1410EF5200197811 /* CopyFiles */ = {
			isa = PBXCopyFilesBuildPhase;
			buildActionMask = 2147483647;
			dstPath = /usr/share/man/man1/;
			dstSubfolderSpec = 0;
			files = (
				02F121C71410EF5200197811 /* mongo_test.1 in CopyFiles */,
			);
			runOnlyForDeploymentPostprocessing = 1;
		};
/* End PBXCopyFilesBuildPhase section */

/* Begin PBXFileReference section */
		02216EDE1412D32F00789BD1 /* changelog */ = {isa = PBXFileReference; lastKnownFileType = text; path = changelog; sourceTree = "<group>"; };
		02216EDF1412D32F00789BD1 /* compat */ = {isa = PBXFileReference; lastKnownFileType = text; path = compat; sourceTree = "<group>"; };
		02216EE01412D32F00789BD1 /* control */ = {isa = PBXFileReference; lastKnownFileType = text; path = control; sourceTree = "<group>"; };
		02216EE11412D32F00789BD1 /* copyright */ = {isa = PBXFileReference; lastKnownFileType = text; path = copyright; sourceTree = "<group>"; };
		02216EE21412D32F00789BD1 /* docs */ = {isa = PBXFileReference; lastKnownFileType = text; path = docs; sourceTree = "<group>"; };
		02216EE31412D32F00789BD1 /* libjson-dev.dirs */ = {isa = PBXFileReference; lastKnownFileType = text; path = "libjson-dev.dirs"; sourceTree = "<group>"; };
		02216EE41412D32F00789BD1 /* libjson-dev.install */ = {isa = PBXFileReference; lastKnownFileType = text; path = "libjson-dev.install"; sourceTree = "<group>"; };
		02216EE51412D32F00789BD1 /* libjson.dirs */ = {isa = PBXFileReference; lastKnownFileType = text; path = libjson.dirs; sourceTree = "<group>"; };
		02216EE61412D32F00789BD1 /* libjson.install */ = {isa = PBXFileReference; lastKnownFileType = text; path = libjson.install; sourceTree = "<group>"; };
		02216EE71412D32F00789BD1 /* rules */ = {isa = PBXFileReference; lastKnownFileType = text; path = rules; sourceTree = "<group>"; };
		02216EE81412D32F00789BD1 /* watch */ = {isa = PBXFileReference; lastKnownFileType = text; path = watch; sourceTree = "<group>"; };
		02216EE91412D32F00789BD1 /* documentation */ = {isa = PBXFileReference; lastKnownFileType = text; path = documentation; sourceTree = "<group>"; };
		02216EEA1412D32F00789BD1 /* json.c */ = {isa = PBXFileReference; lastKnownFileType = sourcecode.c.c; path = json.c; sourceTree = "<group>"; };
		02216EEB1412D32F00789BD1 /* json.h */ = {isa = PBXFileReference; lastKnownFileType = sourcecode.c.h; path = json.h; sourceTree = "<group>"; };
		02216EEC1412D32F00789BD1 /* jsonlint.c */ = {isa = PBXFileReference; lastKnownFileType = sourcecode.c.c; path = jsonlint.c; sourceTree = "<group>"; };
		02216EED1412D32F00789BD1 /* libjson.pc.in */ = {isa = PBXFileReference; lastKnownFileType = text; path = libjson.pc.in; sourceTree = "<group>"; };
		02216EEE1412D32F00789BD1 /* Makefile */ = {isa = PBXFileReference; lastKnownFileType = sourcecode.make; path = Makefile; sourceTree = "<group>"; };
		02216EEF1412D32F00789BD1 /* README */ = {isa = PBXFileReference; lastKnownFileType = text; path = README; sourceTree = "<group>"; };
		02216EF21412D32F00789BD1 /* empty.json */ = {isa = PBXFileReference; lastKnownFileType = text.json; path = empty.json; sourceTree = "<group>"; };
		02216EF31412D32F00789BD1 /* esc0.json */ = {isa = PBXFileReference; lastKnownFileType = text.json; path = esc0.json; sourceTree = "<group>"; };
		02216EF41412D32F00789BD1 /* esc1.json */ = {isa = PBXFileReference; lastKnownFileType = text.json; path = esc1.json; sourceTree = "<group>"; };
		02216EF51412D32F00789BD1 /* esc2.json */ = {isa = PBXFileReference; lastKnownFileType = text.json; path = esc2.json; sourceTree = "<group>"; };
		02216EF61412D32F00789BD1 /* esc3.json */ = {isa = PBXFileReference; lastKnownFileType = text.json; path = esc3.json; sourceTree = "<group>"; };
		02216EF71412D32F00789BD1 /* esc4.json */ = {isa = PBXFileReference; lastKnownFileType = text.json; path = esc4.json; sourceTree = "<group>"; };
		02216EF81412D32F00789BD1 /* float0.json */ = {isa = PBXFileReference; lastKnownFileType = text.json; path = float0.json; sourceTree = "<group>"; };
		02216EF91412D32F00789BD1 /* float1.json */ = {isa = PBXFileReference; lastKnownFileType = text.json; path = float1.json; sourceTree = "<group>"; };
		02216EFA1412D32F00789BD1 /* object0.json */ = {isa = PBXFileReference; lastKnownFileType = text.json; path = object0.json; sourceTree = "<group>"; };
		02216EFB1412D32F00789BD1 /* object1.json */ = {isa = PBXFileReference; lastKnownFileType = text.json; path = object1.json; sourceTree = "<group>"; };
		02216EFC1412D32F00789BD1 /* object2.json */ = {isa = PBXFileReference; lastKnownFileType = text.json; path = object2.json; sourceTree = "<group>"; };
		02216EFD1412D32F00789BD1 /* object3.json */ = {isa = PBXFileReference; lastKnownFileType = text.json; path = object3.json; sourceTree = "<group>"; };
		02216EFF1412D32F00789BD1 /* 1.json */ = {isa = PBXFileReference; lastKnownFileType = text.json; path = 1.json; sourceTree = "<group>"; };
		02216F001412D32F00789BD1 /* 2.json */ = {isa = PBXFileReference; lastKnownFileType = text.json; path = 2.json; sourceTree = "<group>"; };
		02216F011412D32F00789BD1 /* 2obj.json */ = {isa = PBXFileReference; lastKnownFileType = text.json; path = 2obj.json; sourceTree = "<group>"; };
		02216F021412D32F00789BD1 /* 3.json */ = {isa = PBXFileReference; lastKnownFileType = text.json; path = 3.json; sourceTree = "<group>"; };
		02216F031412D32F00789BD1 /* 4.json */ = {isa = PBXFileReference; lastKnownFileType = text.json; path = 4.json; sourceTree = "<group>"; };
		02216F041412D32F00789BD1 /* 5.json */ = {isa = PBXFileReference; lastKnownFileType = text.json; path = 5.json; sourceTree = "<group>"; };
		02216F051412D32F00789BD1 /* 6.json */ = {isa = PBXFileReference; lastKnownFileType = text.json; path = 6.json; sourceTree = "<group>"; };
		02216F061412D32F00789BD1 /* 7.json */ = {isa = PBXFileReference; lastKnownFileType = text.json; path = 7.json; sourceTree = "<group>"; };
		02216F071412D32F00789BD1 /* c-comment.json */ = {isa = PBXFileReference; lastKnownFileType = text.json; path = "c-comment.json"; sourceTree = "<group>"; };
		02216F081412D32F00789BD1 /* complex0.json */ = {isa = PBXFileReference; lastKnownFileType = text.json; path = complex0.json; sourceTree = "<group>"; };
		02216F091412D32F00789BD1 /* emptyobj.json */ = {isa = PBXFileReference; lastKnownFileType = text.json; path = emptyobj.json; sourceTree = "<group>"; };
		02216F0A1412D32F00789BD1 /* esc0.json */ = {isa = PBXFileReference; lastKnownFileType = text.json; path = esc0.json; sourceTree = "<group>"; };
		02216F0B1412D32F00789BD1 /* esc1.json */ = {isa = PBXFileReference; lastKnownFileType = text.json; path = esc1.json; sourceTree = "<group>"; };
		02216F0C1412D32F00789BD1 /* esc2.json */ = {isa = PBXFileReference; lastKnownFileType = text.json; path = esc2.json; sourceTree = "<group>"; };
		02216F0D1412D32F00789BD1 /* esc3.json */ = {isa = PBXFileReference; lastKnownFileType = text.json; path = esc3.json; sourceTree = "<group>"; };
		02216F0E1412D32F00789BD1 /* esc4.json */ = {isa = PBXFileReference; lastKnownFileType = text.json; path = esc4.json; sourceTree = "<group>"; };
		02216F0F1412D32F00789BD1 /* float0.json */ = {isa = PBXFileReference; lastKnownFileType = text.json; path = float0.json; sourceTree = "<group>"; };
		02216F101412D32F00789BD1 /* float1.json */ = {isa = PBXFileReference; lastKnownFileType = text.json; path = float1.json; sourceTree = "<group>"; };
		02216F111412D32F00789BD1 /* float2.json */ = {isa = PBXFileReference; lastKnownFileType = text.json; path = float2.json; sourceTree = "<group>"; };
		02216F121412D32F00789BD1 /* multiobj.json */ = {isa = PBXFileReference; lastKnownFileType = text.json; path = multiobj.json; sourceTree = "<group>"; };
		02216F131412D32F00789BD1 /* yaml-comment.json */ = {isa = PBXFileReference; lastKnownFileType = text.json; path = "yaml-comment.json"; sourceTree = "<group>"; };
		02216F141412D32F00789BD1 /* runtest */ = {isa = PBXFileReference; lastKnownFileType = text.script.sh; path = runtest; sourceTree = "<group>"; };
		02411AB41432B8F900A5FFCA /* MOD_public.h */ = {isa = PBXFileReference; fileEncoding = 4; lastKnownFileType = sourcecode.c.h; path = MOD_public.h; sourceTree = "<group>"; };
		02411AB71432D02600A5FFCA /* MODDataBinary.h */ = {isa = PBXFileReference; fileEncoding = 4; lastKnownFileType = sourcecode.c.h; path = MODDataBinary.h; sourceTree = "<group>"; };
		02411AB81432D02600A5FFCA /* MODDataBinary.m */ = {isa = PBXFileReference; fileEncoding = 4; lastKnownFileType = sourcecode.c.objc; path = MODDataBinary.m; sourceTree = "<group>"; };
		02688DDA14119CF50014ED51 /* MODDatabase.h */ = {isa = PBXFileReference; fileEncoding = 4; lastKnownFileType = sourcecode.c.h; path = MODDatabase.h; sourceTree = "<group>"; };
		02688DDB14119CF50014ED51 /* MODDatabase.m */ = {isa = PBXFileReference; fileEncoding = 4; lastKnownFileType = sourcecode.c.objc; path = MODDatabase.m; sourceTree = "<group>"; };
		02688DE01411C5010014ED51 /* MODCollection.h */ = {isa = PBXFileReference; fileEncoding = 4; lastKnownFileType = sourcecode.c.h; path = MODCollection.h; sourceTree = "<group>"; };
		02688DE11411C5010014ED51 /* MODCollection.m */ = {isa = PBXFileReference; fileEncoding = 4; lastKnownFileType = sourcecode.c.objc; path = MODCollection.m; sourceTree = "<group>"; };
		0272D1BD142D48AE000091A4 /* MODJsonParser.h */ = {isa = PBXFileReference; fileEncoding = 4; lastKnownFileType = sourcecode.c.h; path = MODJsonParser.h; sourceTree = "<group>"; };
		0272D1BE142D48AF000091A4 /* MODJsonParser.m */ = {isa = PBXFileReference; fileEncoding = 4; lastKnownFileType = sourcecode.c.objc; path = MODJsonParser.m; sourceTree = "<group>"; };
		028CE603142E10BE0099B1F7 /* MODTimestamp.h */ = {isa = PBXFileReference; fileEncoding = 4; lastKnownFileType = sourcecode.c.h; path = MODTimestamp.h; sourceTree = "<group>"; };
		028CE604142E10BE0099B1F7 /* MODTimestamp.m */ = {isa = PBXFileReference; fileEncoding = 4; lastKnownFileType = sourcecode.c.objc; path = MODTimestamp.m; sourceTree = "<group>"; };
		02A85F0314103D4D004F3FE9 /* .astylerc */ = {isa = PBXFileReference; lastKnownFileType = text; path = .astylerc; sourceTree = "<group>"; };
		02A85F0414103D4D004F3FE9 /* .gitignore */ = {isa = PBXFileReference; lastKnownFileType = text; path = .gitignore; sourceTree = "<group>"; };
		02A85F0514103D4D004F3FE9 /* APACHE-2.0.txt */ = {isa = PBXFileReference; lastKnownFileType = text; path = "APACHE-2.0.txt"; sourceTree = "<group>"; };
		02A85F0814103D4D004F3FE9 /* __init__.py */ = {isa = PBXFileReference; lastKnownFileType = text.script.python; path = __init__.py; sourceTree = "<group>"; };
		02A85F0914103D4D004F3FE9 /* docs.py */ = {isa = PBXFileReference; lastKnownFileType = text.script.python; path = docs.py; sourceTree = "<group>"; };
		02A85F0C14103D4D004F3FE9 /* make.bat */ = {isa = PBXFileReference; lastKnownFileType = text; path = make.bat; sourceTree = "<group>"; };
		02A85F0D14103D4D004F3FE9 /* Makefile */ = {isa = PBXFileReference; lastKnownFileType = sourcecode.make; path = Makefile; sourceTree = "<group>"; };
		02A85F0F14103D4D004F3FE9 /* bson.rst */ = {isa = PBXFileReference; lastKnownFileType = text; path = bson.rst; sourceTree = "<group>"; };
		02A85F1014103D4D004F3FE9 /* building.rst */ = {isa = PBXFileReference; lastKnownFileType = text; path = building.rst; sourceTree = "<group>"; };
		02A85F1114103D4D004F3FE9 /* conf.py */ = {isa = PBXFileReference; lastKnownFileType = text.script.python; path = conf.py; sourceTree = "<group>"; };
		02A85F1214103D4D004F3FE9 /* connections.rst */ = {isa = PBXFileReference; lastKnownFileType = text; path = connections.rst; sourceTree = "<group>"; };
		02A85F1314103D4D004F3FE9 /* index.rst */ = {isa = PBXFileReference; lastKnownFileType = text; path = index.rst; sourceTree = "<group>"; };
		02A85F1414103D4D004F3FE9 /* tutorial.rst */ = {isa = PBXFileReference; lastKnownFileType = text; path = tutorial.rst; sourceTree = "<group>"; };
		02A85F1514103D4D004F3FE9 /* doxygenConfig */ = {isa = PBXFileReference; lastKnownFileType = text; path = doxygenConfig; sourceTree = "<group>"; };
		02A85F1614103D4D004F3FE9 /* HISTORY.md */ = {isa = PBXFileReference; lastKnownFileType = text; path = HISTORY.md; sourceTree = "<group>"; };
		02A85F1714103D4D004F3FE9 /* README.md */ = {isa = PBXFileReference; lastKnownFileType = text; path = README.md; sourceTree = "<group>"; };
		02A85F1814103D4D004F3FE9 /* SConstruct */ = {isa = PBXFileReference; lastKnownFileType = text; path = SConstruct; sourceTree = "<group>"; };
		02A85F1A14103D4D004F3FE9 /* bson.c */ = {isa = PBXFileReference; lastKnownFileType = sourcecode.c.c; path = bson.c; sourceTree = "<group>"; };
		02A85F1B14103D4D004F3FE9 /* bson.h */ = {isa = PBXFileReference; lastKnownFileType = sourcecode.c.h; path = bson.h; sourceTree = "<group>"; };
		02A85F1C14103D4D004F3FE9 /* encoding.c */ = {isa = PBXFileReference; lastKnownFileType = sourcecode.c.c; path = encoding.c; sourceTree = "<group>"; };
		02A85F1D14103D4D004F3FE9 /* encoding.h */ = {isa = PBXFileReference; lastKnownFileType = sourcecode.c.h; path = encoding.h; sourceTree = "<group>"; };
		02A85F1E14103D4D004F3FE9 /* gridfs.c */ = {isa = PBXFileReference; lastKnownFileType = sourcecode.c.c; path = gridfs.c; sourceTree = "<group>"; };
		02A85F1F14103D4D004F3FE9 /* gridfs.h */ = {isa = PBXFileReference; lastKnownFileType = sourcecode.c.h; path = gridfs.h; sourceTree = "<group>"; };
		02A85F2014103D4D004F3FE9 /* md5.c */ = {isa = PBXFileReference; lastKnownFileType = sourcecode.c.c; path = md5.c; sourceTree = "<group>"; };
		02A85F2114103D4D004F3FE9 /* md5.h */ = {isa = PBXFileReference; lastKnownFileType = sourcecode.c.h; path = md5.h; sourceTree = "<group>"; };
		02A85F2214103D4D004F3FE9 /* mongo.c */ = {isa = PBXFileReference; lastKnownFileType = sourcecode.c.c; path = mongo.c; sourceTree = "<group>"; };
		02A85F2314103D4D004F3FE9 /* mongo.h */ = {isa = PBXFileReference; lastKnownFileType = sourcecode.c.h; path = mongo.h; sourceTree = "<group>"; };
		02A85F2414103D4D004F3FE9 /* net.c */ = {isa = PBXFileReference; lastKnownFileType = sourcecode.c.c; path = net.c; sourceTree = "<group>"; };
		02A85F2514103D4D004F3FE9 /* net.h */ = {isa = PBXFileReference; lastKnownFileType = sourcecode.c.h; path = net.h; sourceTree = "<group>"; };
		02A85F2614103D4D004F3FE9 /* numbers.c */ = {isa = PBXFileReference; lastKnownFileType = sourcecode.c.c; path = numbers.c; sourceTree = "<group>"; };
		02A85F2914103D4E004F3FE9 /* net.c */ = {isa = PBXFileReference; lastKnownFileType = sourcecode.c.c; path = net.c; sourceTree = "<group>"; };
		02A85F2A14103D4E004F3FE9 /* net.h */ = {isa = PBXFileReference; lastKnownFileType = sourcecode.c.h; path = net.h; sourceTree = "<group>"; };
		02A85F2B14103D4E004F3FE9 /* platform.h */ = {isa = PBXFileReference; lastKnownFileType = sourcecode.c.h; path = platform.h; sourceTree = "<group>"; };
		02A85F2D14103D4E004F3FE9 /* auth.c */ = {isa = PBXFileReference; lastKnownFileType = sourcecode.c.c; path = auth.c; sourceTree = "<group>"; };
		02A85F2E14103D4E004F3FE9 /* benchmark.c */ = {isa = PBXFileReference; lastKnownFileType = sourcecode.c.c; path = benchmark.c; sourceTree = "<group>"; };
		02A85F2F14103D4E004F3FE9 /* bson.c */ = {isa = PBXFileReference; lastKnownFileType = sourcecode.c.c; path = bson.c; sourceTree = "<group>"; };
		02A85F3014103D4E004F3FE9 /* bson_subobject.c */ = {isa = PBXFileReference; lastKnownFileType = sourcecode.c.c; path = bson_subobject.c; sourceTree = "<group>"; };
		02A85F3114103D4E004F3FE9 /* count_delete.c */ = {isa = PBXFileReference; lastKnownFileType = sourcecode.c.c; path = count_delete.c; sourceTree = "<group>"; };
		02A85F3214103D4E004F3FE9 /* cpptest.cpp */ = {isa = PBXFileReference; lastKnownFileType = sourcecode.cpp.cpp; path = cpptest.cpp; sourceTree = "<group>"; };
		02A85F3314103D4E004F3FE9 /* cursors.c */ = {isa = PBXFileReference; lastKnownFileType = sourcecode.c.c; path = cursors.c; sourceTree = "<group>"; };
		02A85F3414103D4E004F3FE9 /* endian_swap.c */ = {isa = PBXFileReference; lastKnownFileType = sourcecode.c.c; path = endian_swap.c; sourceTree = "<group>"; };
		02A85F3514103D4E004F3FE9 /* errors.c */ = {isa = PBXFileReference; lastKnownFileType = sourcecode.c.c; path = errors.c; sourceTree = "<group>"; };
		02A85F3614103D4E004F3FE9 /* examples.c */ = {isa = PBXFileReference; lastKnownFileType = sourcecode.c.c; path = examples.c; sourceTree = "<group>"; };
		02A85F3714103D4E004F3FE9 /* functions.c */ = {isa = PBXFileReference; lastKnownFileType = sourcecode.c.c; path = functions.c; sourceTree = "<group>"; };
		02A85F3814103D4E004F3FE9 /* gridfs.c */ = {isa = PBXFileReference; lastKnownFileType = sourcecode.c.c; path = gridfs.c; sourceTree = "<group>"; };
		02A85F3914103D4E004F3FE9 /* helpers.c */ = {isa = PBXFileReference; lastKnownFileType = sourcecode.c.c; path = helpers.c; sourceTree = "<group>"; };
		02A85F3A14103D4E004F3FE9 /* json.c */ = {isa = PBXFileReference; lastKnownFileType = sourcecode.c.c; path = json.c; sourceTree = "<group>"; };
		02A85F3B14103D4E004F3FE9 /* oid.c */ = {isa = PBXFileReference; lastKnownFileType = sourcecode.c.c; path = oid.c; sourceTree = "<group>"; };
		02A85F3E14103D4E004F3FE9 /* timeouts.c */ = {isa = PBXFileReference; lastKnownFileType = sourcecode.c.c; path = timeouts.c; sourceTree = "<group>"; };
		02A85F3F14103D4E004F3FE9 /* replica_set.c */ = {isa = PBXFileReference; lastKnownFileType = sourcecode.c.c; path = replica_set.c; sourceTree = "<group>"; };
		02A85F4014103D4E004F3FE9 /* resize.c */ = {isa = PBXFileReference; lastKnownFileType = sourcecode.c.c; path = resize.c; sourceTree = "<group>"; };
		02A85F4114103D4E004F3FE9 /* simple.c */ = {isa = PBXFileReference; lastKnownFileType = sourcecode.c.c; path = simple.c; sourceTree = "<group>"; };
		02A85F4214103D4E004F3FE9 /* sizes.c */ = {isa = PBXFileReference; lastKnownFileType = sourcecode.c.c; path = sizes.c; sourceTree = "<group>"; };
		02A85F4314103D4E004F3FE9 /* test.h */ = {isa = PBXFileReference; lastKnownFileType = sourcecode.c.h; path = test.h; sourceTree = "<group>"; };
		02A85F4414103D4E004F3FE9 /* update.c */ = {isa = PBXFileReference; lastKnownFileType = sourcecode.c.c; path = update.c; sourceTree = "<group>"; };
		02A85F4514103D4E004F3FE9 /* validate.c */ = {isa = PBXFileReference; lastKnownFileType = sourcecode.c.c; path = validate.c; sourceTree = "<group>"; };
		02A85F4F14103EA6004F3FE9 /* MODServer.h */ = {isa = PBXFileReference; fileEncoding = 4; lastKnownFileType = sourcecode.c.h; path = MODServer.h; sourceTree = "<group>"; };
		02A85F5014103EA6004F3FE9 /* MODServer.m */ = {isa = PBXFileReference; fileEncoding = 4; lastKnownFileType = sourcecode.c.objc; path = MODServer.m; sourceTree = "<group>"; };
		02A85F5714104184004F3FE9 /* MODQuery.h */ = {isa = PBXFileReference; fileEncoding = 4; lastKnownFileType = sourcecode.c.h; path = MODQuery.h; sourceTree = "<group>"; };
		02A85F5814104184004F3FE9 /* MODQuery.m */ = {isa = PBXFileReference; fileEncoding = 4; lastKnownFileType = sourcecode.c.objc; path = MODQuery.m; sourceTree = "<group>"; };
		02A85F5B14104373004F3FE9 /* MOD_internal.h */ = {isa = PBXFileReference; fileEncoding = 4; lastKnownFileType = sourcecode.c.h; path = MOD_internal.h; sourceTree = "<group>"; };
		02AB057414296F9000B7CD19 /* MODObjectId.h */ = {isa = PBXFileReference; fileEncoding = 4; lastKnownFileType = sourcecode.c.h; path = MODObjectId.h; sourceTree = "<group>"; };
		02AB057514296F9000B7CD19 /* MODObjectId.m */ = {isa = PBXFileReference; fileEncoding = 4; lastKnownFileType = sourcecode.c.objc; path = MODObjectId.m; sourceTree = "<group>"; };
		02ABA1C014103B37000417F4 /* mongo-objc-driver.framework */ = {isa = PBXFileReference; explicitFileType = wrapper.framework; includeInIndex = 0; path = "mongo-objc-driver.framework"; sourceTree = BUILT_PRODUCTS_DIR; };
		02ABA1C314103B37000417F4 /* Cocoa.framework */ = {isa = PBXFileReference; lastKnownFileType = wrapper.framework; name = Cocoa.framework; path = System/Library/Frameworks/Cocoa.framework; sourceTree = SDKROOT; };
		02ABA1C614103B37000417F4 /* AppKit.framework */ = {isa = PBXFileReference; lastKnownFileType = wrapper.framework; name = AppKit.framework; path = System/Library/Frameworks/AppKit.framework; sourceTree = SDKROOT; };
		02ABA1C714103B37000417F4 /* CoreData.framework */ = {isa = PBXFileReference; lastKnownFileType = wrapper.framework; name = CoreData.framework; path = System/Library/Frameworks/CoreData.framework; sourceTree = SDKROOT; };
		02ABA1C814103B37000417F4 /* Foundation.framework */ = {isa = PBXFileReference; lastKnownFileType = wrapper.framework; name = Foundation.framework; path = System/Library/Frameworks/Foundation.framework; sourceTree = SDKROOT; };
		02ABA1CB14103B37000417F4 /* mongo-objc-driver-Info.plist */ = {isa = PBXFileReference; lastKnownFileType = text.plist.xml; path = "mongo-objc-driver-Info.plist"; sourceTree = "<group>"; };
		02ABA1CD14103B37000417F4 /* en */ = {isa = PBXFileReference; lastKnownFileType = text.plist.strings; name = en; path = en.lproj/InfoPlist.strings; sourceTree = "<group>"; };
		02ABA1CF14103B37000417F4 /* mongo-objc-driver-Prefix.pch */ = {isa = PBXFileReference; lastKnownFileType = sourcecode.c.h; path = "mongo-objc-driver-Prefix.pch"; sourceTree = "<group>"; };
		02BDC3E5141D6073000EF755 /* MODCursor.h */ = {isa = PBXFileReference; fileEncoding = 4; lastKnownFileType = sourcecode.c.h; path = MODCursor.h; sourceTree = "<group>"; };
		02BDC3E6141D6073000EF755 /* MODCursor.m */ = {isa = PBXFileReference; fileEncoding = 4; lastKnownFileType = sourcecode.c.objc; path = MODCursor.m; sourceTree = "<group>"; };
		02BDC3EB141D83A7000EF755 /* MODServer_utils.m */ = {isa = PBXFileReference; fileEncoding = 4; lastKnownFileType = sourcecode.c.objc; path = MODServer_utils.m; sourceTree = "<group>"; };
		02CF87E7142F8AA3000C4C7F /* MODDataRegex.h */ = {isa = PBXFileReference; fileEncoding = 4; lastKnownFileType = sourcecode.c.h; path = MODDataRegex.h; sourceTree = "<group>"; };
		02CF87E8142F8AA3000C4C7F /* MODDataRegex.m */ = {isa = PBXFileReference; fileEncoding = 4; lastKnownFileType = sourcecode.c.objc; path = MODDataRegex.m; sourceTree = "<group>"; };
		02CF87F0142FA66D000C4C7F /* MODJsonGenerator.h */ = {isa = PBXFileReference; fileEncoding = 4; lastKnownFileType = sourcecode.c.h; path = MODJsonGenerator.h; sourceTree = "<group>"; };
		02CF87F1142FA66D000C4C7F /* MODJsonGenerator.m */ = {isa = PBXFileReference; fileEncoding = 4; lastKnownFileType = sourcecode.c.objc; path = MODJsonGenerator.m; sourceTree = "<group>"; };
		02F121BD1410EF5200197811 /* mongo-test */ = {isa = PBXFileReference; explicitFileType = "compiled.mach-o.executable"; includeInIndex = 0; path = "mongo-test"; sourceTree = BUILT_PRODUCTS_DIR; };
		02F121BF1410EF5200197811 /* Foundation.framework */ = {isa = PBXFileReference; lastKnownFileType = wrapper.framework; name = Foundation.framework; path = System/Library/Frameworks/Foundation.framework; sourceTree = SDKROOT; };
		02F121C21410EF5200197811 /* main.m */ = {isa = PBXFileReference; lastKnownFileType = sourcecode.c.objc; path = main.m; sourceTree = "<group>"; };
		02F121C51410EF5200197811 /* mongo-test-Prefix.pch */ = {isa = PBXFileReference; lastKnownFileType = sourcecode.c.h; path = "mongo-test-Prefix.pch"; sourceTree = "<group>"; };
		02F121C61410EF5200197811 /* mongo_test.1 */ = {isa = PBXFileReference; lastKnownFileType = text.man; path = mongo_test.1; sourceTree = "<group>"; };
/* End PBXFileReference section */

/* Begin PBXFrameworksBuildPhase section */
		02ABA1BC14103B37000417F4 /* Frameworks */ = {
			isa = PBXFrameworksBuildPhase;
			buildActionMask = 2147483647;
			files = (
				02ABA1C414103B37000417F4 /* Cocoa.framework in Frameworks */,
			);
			runOnlyForDeploymentPostprocessing = 0;
		};
		02F121BA1410EF5200197811 /* Frameworks */ = {
			isa = PBXFrameworksBuildPhase;
			buildActionMask = 2147483647;
			files = (
				02F121C01410EF5200197811 /* Foundation.framework in Frameworks */,
			);
			runOnlyForDeploymentPostprocessing = 0;
		};
/* End PBXFrameworksBuildPhase section */

/* Begin PBXGroup section */
		02216EDC1412D32F00789BD1 /* libjson */ = {
			isa = PBXGroup;
			children = (
				02216EDD1412D32F00789BD1 /* debian */,
				02216EE91412D32F00789BD1 /* documentation */,
				02216EEA1412D32F00789BD1 /* json.c */,
				02216EEB1412D32F00789BD1 /* json.h */,
				02216EEC1412D32F00789BD1 /* jsonlint.c */,
				02216EED1412D32F00789BD1 /* libjson.pc.in */,
				02216EEE1412D32F00789BD1 /* Makefile */,
				02216EEF1412D32F00789BD1 /* README */,
				02216EF01412D32F00789BD1 /* tests */,
			);
			path = libjson;
			sourceTree = "<group>";
		};
		02216EDD1412D32F00789BD1 /* debian */ = {
			isa = PBXGroup;
			children = (
				02216EDE1412D32F00789BD1 /* changelog */,
				02216EDF1412D32F00789BD1 /* compat */,
				02216EE01412D32F00789BD1 /* control */,
				02216EE11412D32F00789BD1 /* copyright */,
				02216EE21412D32F00789BD1 /* docs */,
				02216EE31412D32F00789BD1 /* libjson-dev.dirs */,
				02216EE41412D32F00789BD1 /* libjson-dev.install */,
				02216EE51412D32F00789BD1 /* libjson.dirs */,
				02216EE61412D32F00789BD1 /* libjson.install */,
				02216EE71412D32F00789BD1 /* rules */,
				02216EE81412D32F00789BD1 /* watch */,
			);
			path = debian;
			sourceTree = "<group>";
		};
		02216EF01412D32F00789BD1 /* tests */ = {
			isa = PBXGroup;
			children = (
				02216EF11412D32F00789BD1 /* bad */,
				02216EFE1412D32F00789BD1 /* good */,
				02216F141412D32F00789BD1 /* runtest */,
			);
			path = tests;
			sourceTree = "<group>";
		};
		02216EF11412D32F00789BD1 /* bad */ = {
			isa = PBXGroup;
			children = (
				02216EF21412D32F00789BD1 /* empty.json */,
				02216EF31412D32F00789BD1 /* esc0.json */,
				02216EF41412D32F00789BD1 /* esc1.json */,
				02216EF51412D32F00789BD1 /* esc2.json */,
				02216EF61412D32F00789BD1 /* esc3.json */,
				02216EF71412D32F00789BD1 /* esc4.json */,
				02216EF81412D32F00789BD1 /* float0.json */,
				02216EF91412D32F00789BD1 /* float1.json */,
				02216EFA1412D32F00789BD1 /* object0.json */,
				02216EFB1412D32F00789BD1 /* object1.json */,
				02216EFC1412D32F00789BD1 /* object2.json */,
				02216EFD1412D32F00789BD1 /* object3.json */,
			);
			path = bad;
			sourceTree = "<group>";
		};
		02216EFE1412D32F00789BD1 /* good */ = {
			isa = PBXGroup;
			children = (
				02216EFF1412D32F00789BD1 /* 1.json */,
				02216F001412D32F00789BD1 /* 2.json */,
				02216F011412D32F00789BD1 /* 2obj.json */,
				02216F021412D32F00789BD1 /* 3.json */,
				02216F031412D32F00789BD1 /* 4.json */,
				02216F041412D32F00789BD1 /* 5.json */,
				02216F051412D32F00789BD1 /* 6.json */,
				02216F061412D32F00789BD1 /* 7.json */,
				02216F071412D32F00789BD1 /* c-comment.json */,
				02216F081412D32F00789BD1 /* complex0.json */,
				02216F091412D32F00789BD1 /* emptyobj.json */,
				02216F0A1412D32F00789BD1 /* esc0.json */,
				02216F0B1412D32F00789BD1 /* esc1.json */,
				02216F0C1412D32F00789BD1 /* esc2.json */,
				02216F0D1412D32F00789BD1 /* esc3.json */,
				02216F0E1412D32F00789BD1 /* esc4.json */,
				02216F0F1412D32F00789BD1 /* float0.json */,
				02216F101412D32F00789BD1 /* float1.json */,
				02216F111412D32F00789BD1 /* float2.json */,
				02216F121412D32F00789BD1 /* multiobj.json */,
				02216F131412D32F00789BD1 /* yaml-comment.json */,
			);
			path = good;
			sourceTree = "<group>";
		};
		02A85F0114103D4D004F3FE9 /* Libraries */ = {
			isa = PBXGroup;
			children = (
				02A85F0214103D4D004F3FE9 /* mongo-c-driver */,
				02216EDC1412D32F00789BD1 /* libjson */,
			);
			path = Libraries;
			sourceTree = "<group>";
		};
		02A85F0214103D4D004F3FE9 /* mongo-c-driver */ = {
			isa = PBXGroup;
			children = (
				02A85F0314103D4D004F3FE9 /* .astylerc */,
				02A85F0414103D4D004F3FE9 /* .gitignore */,
				02A85F0514103D4D004F3FE9 /* APACHE-2.0.txt */,
				02A85F0614103D4D004F3FE9 /* docs */,
				02A85F1514103D4D004F3FE9 /* doxygenConfig */,
				02A85F1614103D4D004F3FE9 /* HISTORY.md */,
				02A85F1714103D4D004F3FE9 /* README.md */,
				02A85F1814103D4D004F3FE9 /* SConstruct */,
				02A85F1914103D4D004F3FE9 /* src */,
				02A85F2C14103D4E004F3FE9 /* test */,
			);
			path = "mongo-c-driver";
			sourceTree = "<group>";
		};
		02A85F0614103D4D004F3FE9 /* docs */ = {
			isa = PBXGroup;
			children = (
				02A85F0714103D4D004F3FE9 /* buildscripts */,
				02A85F0A14103D4D004F3FE9 /* source */,
			);
			path = docs;
			sourceTree = "<group>";
		};
		02A85F0714103D4D004F3FE9 /* buildscripts */ = {
			isa = PBXGroup;
			children = (
				02A85F0814103D4D004F3FE9 /* __init__.py */,
				02A85F0914103D4D004F3FE9 /* docs.py */,
			);
			path = buildscripts;
			sourceTree = "<group>";
		};
		02A85F0A14103D4D004F3FE9 /* source */ = {
			isa = PBXGroup;
			children = (
				02A85F0B14103D4D004F3FE9 /* sphinx */,
			);
			path = source;
			sourceTree = "<group>";
		};
		02A85F0B14103D4D004F3FE9 /* sphinx */ = {
			isa = PBXGroup;
			children = (
				02A85F0C14103D4D004F3FE9 /* make.bat */,
				02A85F0D14103D4D004F3FE9 /* Makefile */,
				02A85F0E14103D4D004F3FE9 /* source */,
			);
			path = sphinx;
			sourceTree = "<group>";
		};
		02A85F0E14103D4D004F3FE9 /* source */ = {
			isa = PBXGroup;
			children = (
				02A85F0F14103D4D004F3FE9 /* bson.rst */,
				02A85F1014103D4D004F3FE9 /* building.rst */,
				02A85F1114103D4D004F3FE9 /* conf.py */,
				02A85F1214103D4D004F3FE9 /* connections.rst */,
				02A85F1314103D4D004F3FE9 /* index.rst */,
				02A85F1414103D4D004F3FE9 /* tutorial.rst */,
			);
			path = source;
			sourceTree = "<group>";
		};
		02A85F1914103D4D004F3FE9 /* src */ = {
			isa = PBXGroup;
			children = (
				02A85F1A14103D4D004F3FE9 /* bson.c */,
				02A85F1B14103D4D004F3FE9 /* bson.h */,
				02A85F1C14103D4D004F3FE9 /* encoding.c */,
				02A85F1D14103D4D004F3FE9 /* encoding.h */,
				02A85F1E14103D4D004F3FE9 /* gridfs.c */,
				02A85F1F14103D4D004F3FE9 /* gridfs.h */,
				02A85F2014103D4D004F3FE9 /* md5.c */,
				02A85F2114103D4D004F3FE9 /* md5.h */,
				02A85F2214103D4D004F3FE9 /* mongo.c */,
				02A85F2314103D4D004F3FE9 /* mongo.h */,
				02A85F2414103D4D004F3FE9 /* net.c */,
				02A85F2514103D4D004F3FE9 /* net.h */,
				02A85F2614103D4D004F3FE9 /* numbers.c */,
				02A85F2714103D4D004F3FE9 /* platform */,
				02A85F2B14103D4E004F3FE9 /* platform.h */,
			);
			path = src;
			sourceTree = "<group>";
		};
		02A85F2714103D4D004F3FE9 /* platform */ = {
			isa = PBXGroup;
			children = (
				02A85F2814103D4E004F3FE9 /* linux */,
			);
			path = platform;
			sourceTree = "<group>";
		};
		02A85F2814103D4E004F3FE9 /* linux */ = {
			isa = PBXGroup;
			children = (
				02A85F2914103D4E004F3FE9 /* net.c */,
				02A85F2A14103D4E004F3FE9 /* net.h */,
			);
			path = linux;
			sourceTree = "<group>";
		};
		02A85F2C14103D4E004F3FE9 /* test */ = {
			isa = PBXGroup;
			children = (
				02A85F2D14103D4E004F3FE9 /* auth.c */,
				02A85F2E14103D4E004F3FE9 /* benchmark.c */,
				02A85F2F14103D4E004F3FE9 /* bson.c */,
				02A85F3014103D4E004F3FE9 /* bson_subobject.c */,
				02A85F3114103D4E004F3FE9 /* count_delete.c */,
				02A85F3214103D4E004F3FE9 /* cpptest.cpp */,
				02A85F3314103D4E004F3FE9 /* cursors.c */,
				02A85F3414103D4E004F3FE9 /* endian_swap.c */,
				02A85F3514103D4E004F3FE9 /* errors.c */,
				02A85F3614103D4E004F3FE9 /* examples.c */,
				02A85F3714103D4E004F3FE9 /* functions.c */,
				02A85F3814103D4E004F3FE9 /* gridfs.c */,
				02A85F3914103D4E004F3FE9 /* helpers.c */,
				02A85F3A14103D4E004F3FE9 /* json.c */,
				02A85F3B14103D4E004F3FE9 /* oid.c */,
				02A85F3C14103D4E004F3FE9 /* platform */,
				02A85F3F14103D4E004F3FE9 /* replica_set.c */,
				02A85F4014103D4E004F3FE9 /* resize.c */,
				02A85F4114103D4E004F3FE9 /* simple.c */,
				02A85F4214103D4E004F3FE9 /* sizes.c */,
				02A85F4314103D4E004F3FE9 /* test.h */,
				02A85F4414103D4E004F3FE9 /* update.c */,
				02A85F4514103D4E004F3FE9 /* validate.c */,
			);
			path = test;
			sourceTree = "<group>";
		};
		02A85F3C14103D4E004F3FE9 /* platform */ = {
			isa = PBXGroup;
			children = (
				02A85F3D14103D4E004F3FE9 /* linux */,
			);
			path = platform;
			sourceTree = "<group>";
		};
		02A85F3D14103D4E004F3FE9 /* linux */ = {
			isa = PBXGroup;
			children = (
				02A85F3E14103D4E004F3FE9 /* timeouts.c */,
			);
			path = linux;
			sourceTree = "<group>";
		};
		02ABA1B414103B36000417F4 = {
			isa = PBXGroup;
			children = (
				02ABA1C914103B37000417F4 /* Sources */,
				02F121C11410EF5200197811 /* mongo-test */,
				02A85F0114103D4D004F3FE9 /* Libraries */,
				02ABA1C214103B37000417F4 /* Frameworks */,
				02ABA1C114103B37000417F4 /* Products */,
			);
			sourceTree = "<group>";
		};
		02ABA1C114103B37000417F4 /* Products */ = {
			isa = PBXGroup;
			children = (
				02ABA1C014103B37000417F4 /* mongo-objc-driver.framework */,
				02F121BD1410EF5200197811 /* mongo-test */,
			);
			name = Products;
			sourceTree = "<group>";
		};
		02ABA1C214103B37000417F4 /* Frameworks */ = {
			isa = PBXGroup;
			children = (
				02ABA1C314103B37000417F4 /* Cocoa.framework */,
				02F121BF1410EF5200197811 /* Foundation.framework */,
				02ABA1C514103B37000417F4 /* Other Frameworks */,
			);
			name = Frameworks;
			sourceTree = "<group>";
		};
		02ABA1C514103B37000417F4 /* Other Frameworks */ = {
			isa = PBXGroup;
			children = (
				02ABA1C614103B37000417F4 /* AppKit.framework */,
				02ABA1C714103B37000417F4 /* CoreData.framework */,
				02ABA1C814103B37000417F4 /* Foundation.framework */,
			);
			name = "Other Frameworks";
			sourceTree = "<group>";
		};
		02ABA1C914103B37000417F4 /* Sources */ = {
			isa = PBXGroup;
			children = (
				02A85F5B14104373004F3FE9 /* MOD_internal.h */,
				02411AB41432B8F900A5FFCA /* MOD_public.h */,
				02A85F4F14103EA6004F3FE9 /* MODServer.h */,
				02A85F5014103EA6004F3FE9 /* MODServer.m */,
				02BDC3EB141D83A7000EF755 /* MODServer_utils.m */,
				02688DDA14119CF50014ED51 /* MODDatabase.h */,
				02688DDB14119CF50014ED51 /* MODDatabase.m */,
				02688DE01411C5010014ED51 /* MODCollection.h */,
				02688DE11411C5010014ED51 /* MODCollection.m */,
				02BDC3E5141D6073000EF755 /* MODCursor.h */,
				02BDC3E6141D6073000EF755 /* MODCursor.m */,
				02A85F5714104184004F3FE9 /* MODQuery.h */,
				02A85F5814104184004F3FE9 /* MODQuery.m */,
				02AB057414296F9000B7CD19 /* MODObjectId.h */,
				02AB057514296F9000B7CD19 /* MODObjectId.m */,
				028CE603142E10BE0099B1F7 /* MODTimestamp.h */,
				028CE604142E10BE0099B1F7 /* MODTimestamp.m */,
				02CF87E7142F8AA3000C4C7F /* MODDataRegex.h */,
				02CF87E8142F8AA3000C4C7F /* MODDataRegex.m */,
				02411AB71432D02600A5FFCA /* MODDataBinary.h */,
				02411AB81432D02600A5FFCA /* MODDataBinary.m */,
				0272D1BD142D48AE000091A4 /* MODJsonParser.h */,
				0272D1BE142D48AF000091A4 /* MODJsonParser.m */,
				02CF87F0142FA66D000C4C7F /* MODJsonGenerator.h */,
				02CF87F1142FA66D000C4C7F /* MODJsonGenerator.m */,
				02ABA1CA14103B37000417F4 /* Supporting Files */,
			);
			path = Sources;
			sourceTree = "<group>";
		};
		02ABA1CA14103B37000417F4 /* Supporting Files */ = {
			isa = PBXGroup;
			children = (
				02ABA1CB14103B37000417F4 /* mongo-objc-driver-Info.plist */,
				02ABA1CC14103B37000417F4 /* InfoPlist.strings */,
				02ABA1CF14103B37000417F4 /* mongo-objc-driver-Prefix.pch */,
			);
			name = "Supporting Files";
			sourceTree = "<group>";
		};
		02F121C11410EF5200197811 /* mongo-test */ = {
			isa = PBXGroup;
			children = (
				02F121C21410EF5200197811 /* main.m */,
				02F121C61410EF5200197811 /* mongo_test.1 */,
				02F121C41410EF5200197811 /* Supporting Files */,
			);
			path = "mongo-test";
			sourceTree = "<group>";
		};
		02F121C41410EF5200197811 /* Supporting Files */ = {
			isa = PBXGroup;
			children = (
				02F121C51410EF5200197811 /* mongo-test-Prefix.pch */,
			);
			name = "Supporting Files";
			sourceTree = "<group>";
		};
/* End PBXGroup section */

/* Begin PBXHeadersBuildPhase section */
		02ABA1BD14103B37000417F4 /* Headers */ = {
			isa = PBXHeadersBuildPhase;
			buildActionMask = 2147483647;
			files = (
				02A85F5114103EA6004F3FE9 /* MODServer.h in Headers */,
				02A85F5914104184004F3FE9 /* MODQuery.h in Headers */,
				02A85F5D14104373004F3FE9 /* MOD_internal.h in Headers */,
				02A85F5F1410809F004F3FE9 /* bson.h in Headers */,
				02A85F60141080A2004F3FE9 /* encoding.h in Headers */,
				02A85F61141080A2004F3FE9 /* gridfs.h in Headers */,
				02A85F62141080A2004F3FE9 /* md5.h in Headers */,
				02A85F63141080A2004F3FE9 /* mongo.h in Headers */,
				02A85F64141080A2004F3FE9 /* net.h in Headers */,
				02A85F65141080A2004F3FE9 /* platform.h in Headers */,
				02688DDC14119CF50014ED51 /* MODDatabase.h in Headers */,
				02688DE21411C5010014ED51 /* MODCollection.h in Headers */,
				02BDC3E7141D6073000EF755 /* MODCursor.h in Headers */,
				02AB057614296F9000B7CD19 /* MODObjectId.h in Headers */,
				0272D1BF142D48AF000091A4 /* MODJsonParser.h in Headers */,
				028CE605142E10BE0099B1F7 /* MODTimestamp.h in Headers */,
				02CF87E9142F8AA3000C4C7F /* MODDataRegex.h in Headers */,
				02CF87F2142FA66D000C4C7F /* MODJsonGenerator.h in Headers */,
				02411AB51432B8FA00A5FFCA /* MOD_public.h in Headers */,
				02411AB91432D02700A5FFCA /* MODDataBinary.h in Headers */,
			);
			runOnlyForDeploymentPostprocessing = 0;
		};
/* End PBXHeadersBuildPhase section */

/* Begin PBXNativeTarget section */
		02ABA1BF14103B37000417F4 /* mongo-objc-driver */ = {
			isa = PBXNativeTarget;
			buildConfigurationList = 02ABA1D514103B37000417F4 /* Build configuration list for PBXNativeTarget "mongo-objc-driver" */;
			buildPhases = (
				02ABA1BB14103B37000417F4 /* Sources */,
				02ABA1BC14103B37000417F4 /* Frameworks */,
				02ABA1BD14103B37000417F4 /* Headers */,
				02ABA1BE14103B37000417F4 /* Resources */,
			);
			buildRules = (
			);
			dependencies = (
				02216F1C1412D42B00789BD1 /* PBXTargetDependency */,
			);
			name = "mongo-objc-driver";
			productName = "mongo-objc-driver";
			productReference = 02ABA1C014103B37000417F4 /* mongo-objc-driver.framework */;
			productType = "com.apple.product-type.framework";
		};
		02F121BC1410EF5200197811 /* mongo-test */ = {
			isa = PBXNativeTarget;
			buildConfigurationList = 02F121CA1410EF5200197811 /* Build configuration list for PBXNativeTarget "mongo-test" */;
			buildPhases = (
				02F121B91410EF5200197811 /* Sources */,
				02F121BA1410EF5200197811 /* Frameworks */,
				02F121BB1410EF5200197811 /* CopyFiles */,
			);
			buildRules = (
			);
			dependencies = (
				02216F1E1412D43C00789BD1 /* PBXTargetDependency */,
			);
			name = "mongo-test";
			productName = "mongo-test";
			productReference = 02F121BD1410EF5200197811 /* mongo-test */;
			productType = "com.apple.product-type.tool";
		};
/* End PBXNativeTarget section */

/* Begin PBXProject section */
		02ABA1B614103B36000417F4 /* Project object */ = {
			isa = PBXProject;
			attributes = {
				LastUpgradeCheck = 0420;
			};
			buildConfigurationList = 02ABA1B914103B36000417F4 /* Build configuration list for PBXProject "mongo-objc-driver" */;
			compatibilityVersion = "Xcode 3.2";
			developmentRegion = English;
			hasScannedForEncodings = 0;
			knownRegions = (
				en,
			);
			mainGroup = 02ABA1B414103B36000417F4;
			productRefGroup = 02ABA1C114103B37000417F4 /* Products */;
			projectDirPath = "";
			projectRoot = "";
			targets = (
				02ABA1BF14103B37000417F4 /* mongo-objc-driver */,
				02F121BC1410EF5200197811 /* mongo-test */,
				02216F151412D39200789BD1 /* Submodules */,
			);
		};
/* End PBXProject section */

/* Begin PBXResourcesBuildPhase section */
		02ABA1BE14103B37000417F4 /* Resources */ = {
			isa = PBXResourcesBuildPhase;
			buildActionMask = 2147483647;
			files = (
			);
			runOnlyForDeploymentPostprocessing = 0;
		};
/* End PBXResourcesBuildPhase section */

/* Begin PBXShellScriptBuildPhase section */
		02216F191412D3B700789BD1 /* mongo-c-driver */ = {
			isa = PBXShellScriptBuildPhase;
			buildActionMask = 2147483647;
			files = (
			);
			inputPaths = (
			);
			name = "mongo-c-driver";
			outputPaths = (
			);
			runOnlyForDeploymentPostprocessing = 0;
			shellPath = /bin/sh;
			shellScript = "module_name=\"mongo-c-driver\"\nmodule_owner=\"fotonauts\"\nmodule_branch=\"master\"\nmodule_path=\"Libraries/${module_name}\"\n\nfiles=`ls \"${module_path}\" 2> /dev/null`\nif [ \"${files}\" = \"\" ] ; then\nif [ -d .git ] ; then\ngit submodule update --init\ncd \"${module_path}\"\ngit branch --track \"${module_branch}\" \"origin/${module_branch}\"\ngit checkout \"${module_branch}\"\nelse\ncd \"${module_path}\"\ncurl -o \"${module_name}.zip\" -L \"https://nodeload.github.com/${module_owner}/${module_name}/zipball/${module_branch}\"\nunzip \"${module_name}.zip\"\nrm \"${module_name}.zip\"\nmodule_unzip_dir=`ls`\ncd \"${module_unzip_dir}\"\nmv * ..\ncd ..\nrmdir \"${module_unzip_dir}\"\nfi\nfi\n";
		};
		02216F1A1412D3CB00789BD1 /* libjson */ = {
			isa = PBXShellScriptBuildPhase;
			buildActionMask = 2147483647;
			files = (
			);
			inputPaths = (
			);
			name = libjson;
			outputPaths = (
			);
			runOnlyForDeploymentPostprocessing = 0;
			shellPath = /bin/sh;
			shellScript = "module_name=\"libjson\"\nmodule_owner=\"fotonauts\"\nmodule_branch=\"master\"\nmodule_path=\"Libraries/${module_name}\"\n\nfiles=`ls \"${module_path}\" 2> /dev/null`\nif [ \"${files}\" = \"\" ] ; then\nif [ -d .git ] ; then\ngit submodule update --init\ncd \"${module_path}\"\necho \"git branch --track ${module_branch} origin/${module_branch}\"\ngit branch --track \"${module_branch}\" \"origin/${module_branch}\"\ngit checkout \"${module_branch}\"\nelse\ncd \"${module_path}\"\ncurl -o \"${module_name}.zip\" -L \"https://nodeload.github.com/${module_owner}/${module_name}/zipball/${module_branch}\"\nunzip \"${module_name}.zip\"\nrm \"${module_name}.zip\"\nmodule_unzip_dir=`ls`\ncd \"${module_unzip_dir}\"\nmv * ..\ncd ..\nrmdir \"${module_unzip_dir}\"\nfi\nfi\n";
		};
/* End PBXShellScriptBuildPhase section */

/* Begin PBXSourcesBuildPhase section */
		02ABA1BB14103B37000417F4 /* Sources */ = {
			isa = PBXSourcesBuildPhase;
			buildActionMask = 2147483647;
			files = (
				02216F681413031B00789BD1 /* json.c in Sources */,
				02A85F4614103D64004F3FE9 /* bson.c in Sources */,
				02A85F4714103D64004F3FE9 /* encoding.c in Sources */,
				02A85F4814103D64004F3FE9 /* gridfs.c in Sources */,
				02A85F4914103D64004F3FE9 /* md5.c in Sources */,
				02A85F4A14103D64004F3FE9 /* mongo.c in Sources */,
				02A85F4B14103D64004F3FE9 /* net.c in Sources */,
				02A85F4C14103D64004F3FE9 /* numbers.c in Sources */,
				02A85F5214103EA6004F3FE9 /* MODServer.m in Sources */,
				02688DDD14119CF50014ED51 /* MODDatabase.m in Sources */,
				02688DE31411C5010014ED51 /* MODCollection.m in Sources */,
				02A85F5A14104184004F3FE9 /* MODQuery.m in Sources */,
				02BDC3E8141D6073000EF755 /* MODCursor.m in Sources */,
				02BDC3EC141D83A7000EF755 /* MODServer_utils.m in Sources */,
				02AB057714296F9000B7CD19 /* MODObjectId.m in Sources */,
				0272D1C0142D48AF000091A4 /* MODJsonParser.m in Sources */,
				028CE606142E10BE0099B1F7 /* MODTimestamp.m in Sources */,
				02CF87EA142F8AA3000C4C7F /* MODDataRegex.m in Sources */,
				02CF87F3142FA66D000C4C7F /* MODJsonGenerator.m in Sources */,
				02411ABA1432D02700A5FFCA /* MODDataBinary.m in Sources */,
			);
			runOnlyForDeploymentPostprocessing = 0;
		};
		02F121B91410EF5200197811 /* Sources */ = {
			isa = PBXSourcesBuildPhase;
			buildActionMask = 2147483647;
			files = (
				02216F1F1412D47800789BD1 /* json.c in Sources */,
				02F121C31410EF5200197811 /* main.m in Sources */,
				02F121CC1410F01B00197811 /* MODServer.m in Sources */,
				02F121CD1410F01D00197811 /* MODQuery.m in Sources */,
				02F121CE1410F07200197811 /* bson.c in Sources */,
				02F121CF1410F07200197811 /* encoding.c in Sources */,
				02F121D01410F07200197811 /* gridfs.c in Sources */,
				02F121D11410F07200197811 /* md5.c in Sources */,
				02F121D21410F07200197811 /* mongo.c in Sources */,
				02F121D31410F07200197811 /* net.c in Sources */,
				02F121D41410F07200197811 /* numbers.c in Sources */,
				02688DDE14119CF50014ED51 /* MODDatabase.m in Sources */,
				02688DE41411C5010014ED51 /* MODCollection.m in Sources */,
				02BDC3EA141D6938000EF755 /* MODCursor.m in Sources */,
				02BDC3ED141D83A7000EF755 /* MODServer_utils.m in Sources */,
				02AB057814296F9000B7CD19 /* MODObjectId.m in Sources */,
				0272D1C2142D5A5C000091A4 /* MODJsonParser.m in Sources */,
				028CE608142E4A1A0099B1F7 /* MODTimestamp.m in Sources */,
				02CF87EC142F91CA000C4C7F /* MODDataRegex.m in Sources */,
				02CF87F4142FA66D000C4C7F /* MODJsonGenerator.m in Sources */,
				02411ABB1432D02700A5FFCA /* MODDataBinary.m in Sources */,
			);
			runOnlyForDeploymentPostprocessing = 0;
		};
/* End PBXSourcesBuildPhase section */

/* Begin PBXTargetDependency section */
		02216F1C1412D42B00789BD1 /* PBXTargetDependency */ = {
			isa = PBXTargetDependency;
			target = 02216F151412D39200789BD1 /* Submodules */;
			targetProxy = 02216F1B1412D42B00789BD1 /* PBXContainerItemProxy */;
		};
		02216F1E1412D43C00789BD1 /* PBXTargetDependency */ = {
			isa = PBXTargetDependency;
			target = 02216F151412D39200789BD1 /* Submodules */;
			targetProxy = 02216F1D1412D43C00789BD1 /* PBXContainerItemProxy */;
		};
/* End PBXTargetDependency section */

/* Begin PBXVariantGroup section */
		02ABA1CC14103B37000417F4 /* InfoPlist.strings */ = {
			isa = PBXVariantGroup;
			children = (
				02ABA1CD14103B37000417F4 /* en */,
			);
			name = InfoPlist.strings;
			sourceTree = "<group>";
		};
/* End PBXVariantGroup section */

/* Begin XCBuildConfiguration section */
		02216F171412D39200789BD1 /* Debug */ = {
			isa = XCBuildConfiguration;
			buildSettings = {
				PRODUCT_NAME = "$(TARGET_NAME)";
			};
			name = Debug;
		};
		02216F181412D39200789BD1 /* Release */ = {
			isa = XCBuildConfiguration;
			buildSettings = {
				PRODUCT_NAME = "$(TARGET_NAME)";
			};
			name = Release;
		};
		02ABA1D314103B37000417F4 /* Debug */ = {
			isa = XCBuildConfiguration;
			buildSettings = {
				ALWAYS_SEARCH_USER_PATHS = NO;
				ARCHS = "$(ARCHS_STANDARD_64_BIT)";
				COPY_PHASE_STRIP = NO;
				GCC_C_LANGUAGE_STANDARD = gnu99;
				GCC_DYNAMIC_NO_PIC = NO;
				GCC_ENABLE_OBJC_EXCEPTIONS = YES;
				GCC_OPTIMIZATION_LEVEL = 0;
				GCC_PREPROCESSOR_DEFINITIONS = (
					"DEBUG=1",
					"$(inherited)",
				);
				GCC_SYMBOLS_PRIVATE_EXTERN = NO;
				GCC_VERSION = com.apple.compilers.llvm.clang.1_0;
				GCC_WARN_64_TO_32_BIT_CONVERSION = YES;
				GCC_WARN_ABOUT_MISSING_PROTOTYPES = YES;
				GCC_WARN_ABOUT_RETURN_TYPE = YES;
				GCC_WARN_UNUSED_VARIABLE = YES;
				MACOSX_DEPLOYMENT_TARGET = 10.7;
				ONLY_ACTIVE_ARCH = YES;
				SDKROOT = macosx;
			};
			name = Debug;
		};
		02ABA1D414103B37000417F4 /* Release */ = {
			isa = XCBuildConfiguration;
			buildSettings = {
				ALWAYS_SEARCH_USER_PATHS = NO;
				ARCHS = "$(ARCHS_STANDARD_64_BIT)";
				COPY_PHASE_STRIP = YES;
				DEBUG_INFORMATION_FORMAT = "dwarf-with-dsym";
				GCC_C_LANGUAGE_STANDARD = gnu99;
				GCC_ENABLE_OBJC_EXCEPTIONS = YES;
				GCC_VERSION = com.apple.compilers.llvm.clang.1_0;
				GCC_WARN_64_TO_32_BIT_CONVERSION = YES;
				GCC_WARN_ABOUT_MISSING_PROTOTYPES = YES;
				GCC_WARN_ABOUT_RETURN_TYPE = YES;
				GCC_WARN_UNUSED_VARIABLE = YES;
				MACOSX_DEPLOYMENT_TARGET = 10.7;
				SDKROOT = macosx;
			};
			name = Release;
		};
		02ABA1D614103B37000417F4 /* Debug */ = {
			isa = XCBuildConfiguration;
			buildSettings = {
				DYLIB_COMPATIBILITY_VERSION = 1;
				DYLIB_CURRENT_VERSION = 1;
				FRAMEWORK_VERSION = A;
				GCC_PRECOMPILE_PREFIX_HEADER = YES;
				GCC_PREFIX_HEADER = "Sources/mongo-objc-driver-Prefix.pch";
				INFOPLIST_FILE = "Sources/mongo-objc-driver-Info.plist";
				PRODUCT_NAME = "$(TARGET_NAME)";
				WRAPPER_EXTENSION = framework;
			};
			name = Debug;
		};
		02ABA1D714103B37000417F4 /* Release */ = {
			isa = XCBuildConfiguration;
			buildSettings = {
				DYLIB_COMPATIBILITY_VERSION = 1;
				DYLIB_CURRENT_VERSION = 1;
				FRAMEWORK_VERSION = A;
				GCC_PRECOMPILE_PREFIX_HEADER = YES;
				GCC_PREFIX_HEADER = "Sources/mongo-objc-driver-Prefix.pch";
				INFOPLIST_FILE = "Sources/mongo-objc-driver-Info.plist";
				PRODUCT_NAME = "$(TARGET_NAME)";
				WRAPPER_EXTENSION = framework;
			};
			name = Release;
		};
		02F121C81410EF5200197811 /* Debug */ = {
			isa = XCBuildConfiguration;
			buildSettings = {
				GCC_PRECOMPILE_PREFIX_HEADER = YES;
				GCC_PREFIX_HEADER = "mongo-test/mongo-test-Prefix.pch";
				PRODUCT_NAME = "$(TARGET_NAME)";
			};
			name = Debug;
		};
		02F121C91410EF5200197811 /* Release */ = {
			isa = XCBuildConfiguration;
			buildSettings = {
				GCC_PRECOMPILE_PREFIX_HEADER = YES;
				GCC_PREFIX_HEADER = "mongo-test/mongo-test-Prefix.pch";
				PRODUCT_NAME = "$(TARGET_NAME)";
			};
			name = Release;
		};
/* End XCBuildConfiguration section */

/* Begin XCConfigurationList section */
		02216F161412D39200789BD1 /* Build configuration list for PBXAggregateTarget "Submodules" */ = {
			isa = XCConfigurationList;
			buildConfigurations = (
				02216F171412D39200789BD1 /* Debug */,
				02216F181412D39200789BD1 /* Release */,
			);
			defaultConfigurationIsVisible = 0;
			defaultConfigurationName = Release;
		};
		02ABA1B914103B36000417F4 /* Build configuration list for PBXProject "mongo-objc-driver" */ = {
			isa = XCConfigurationList;
			buildConfigurations = (
				02ABA1D314103B37000417F4 /* Debug */,
				02ABA1D414103B37000417F4 /* Release */,
			);
			defaultConfigurationIsVisible = 0;
			defaultConfigurationName = Release;
		};
		02ABA1D514103B37000417F4 /* Build configuration list for PBXNativeTarget "mongo-objc-driver" */ = {
			isa = XCConfigurationList;
			buildConfigurations = (
				02ABA1D614103B37000417F4 /* Debug */,
				02ABA1D714103B37000417F4 /* Release */,
			);
			defaultConfigurationIsVisible = 0;
			defaultConfigurationName = Release;
		};
		02F121CA1410EF5200197811 /* Build configuration list for PBXNativeTarget "mongo-test" */ = {
			isa = XCConfigurationList;
			buildConfigurations = (
				02F121C81410EF5200197811 /* Debug */,
				02F121C91410EF5200197811 /* Release */,
			);
			defaultConfigurationIsVisible = 0;
			defaultConfigurationName = Release;
		};
/* End XCConfigurationList section */
	};
	rootObject = 02ABA1B614103B36000417F4 /* Project object */;
}
