// !$*UTF8*$!
{
	archiveVersion = 1;
	classes = {
	};
	objectVersion = 46;
	objects = {

/* Begin PBXAggregateTarget section */
		02216F151412D39200789BD1 /* Submodules */ = {
			isa = PBXAggregateTarget;
			buildConfigurationList = 02216F161412D39200789BD1 /* Build configuration list for PBXAggregateTarget "Submodules" */;
			buildPhases = (
				02DB18A6172C7C2200B26EAE /* Update submodules */,
				02216F191412D3B700789BD1 /* mongo-c-driver */,
				02216F1A1412D3CB00789BD1 /* libjson */,
			);
			dependencies = (
			);
			name = Submodules;
			productName = Submodules;
		};
/* End PBXAggregateTarget section */

/* Begin PBXBuildFile section */
		02216F1F1412D47800789BD1 /* json.c in Sources */ = {isa = PBXBuildFile; fileRef = 02216EEA1412D32F00789BD1 /* json.c */; };
		02216F681413031B00789BD1 /* json.c in Sources */ = {isa = PBXBuildFile; fileRef = 02216EEA1412D32F00789BD1 /* json.c */; };
		022F8C52169B5EF20024D20C /* bcon.c in Sources */ = {isa = PBXBuildFile; fileRef = 022F8C4F169B5EF20024D20C /* bcon.c */; };
		022F8C53169B5EF20024D20C /* bcon.h in Headers */ = {isa = PBXBuildFile; fileRef = 022F8C50169B5EF20024D20C /* bcon.h */; };
		022F8C54169B5EF20024D20C /* env.c in Sources */ = {isa = PBXBuildFile; fileRef = 022F8C51169B5EF20024D20C /* env.c */; };
		022F8C55169B5F420024D20C /* env.c in Sources */ = {isa = PBXBuildFile; fileRef = 022F8C51169B5EF20024D20C /* env.c */; };
		022F8C56169B5F450024D20C /* bcon.c in Sources */ = {isa = PBXBuildFile; fileRef = 022F8C4F169B5EF20024D20C /* bcon.c */; };
		023ECFFC14851BEE00185781 /* MODSymbol.h in Headers */ = {isa = PBXBuildFile; fileRef = 023ECFFA14851BEE00185781 /* MODSymbol.h */; };
		023ECFFD14851BEE00185781 /* MODSymbol.m in Sources */ = {isa = PBXBuildFile; fileRef = 023ECFFB14851BEE00185781 /* MODSymbol.m */; };
		023ECFFF1485237000185781 /* MODSymbol.m in Sources */ = {isa = PBXBuildFile; fileRef = 023ECFFB14851BEE00185781 /* MODSymbol.m */; };
		02411AB51432B8FA00A5FFCA /* MOD_public.h in Headers */ = {isa = PBXBuildFile; fileRef = 02411AB41432B8F900A5FFCA /* MOD_public.h */; };
		02411AB91432D02700A5FFCA /* MODBinary.h in Headers */ = {isa = PBXBuildFile; fileRef = 02411AB71432D02600A5FFCA /* MODBinary.h */; };
		02411ABA1432D02700A5FFCA /* MODBinary.m in Sources */ = {isa = PBXBuildFile; fileRef = 02411AB81432D02600A5FFCA /* MODBinary.m */; };
		02411ABB1432D02700A5FFCA /* MODBinary.m in Sources */ = {isa = PBXBuildFile; fileRef = 02411AB81432D02600A5FFCA /* MODBinary.m */; };
		025C56201433E7E40064B010 /* MODDBRef.m in Sources */ = {isa = PBXBuildFile; fileRef = 025C561E1433E7E40064B010 /* MODDBRef.m */; };
		025C56211433E7E40064B010 /* MODDBRef.h in Headers */ = {isa = PBXBuildFile; fileRef = 025C561F1433E7E40064B010 /* MODDBRef.h */; };
		025C56231433EE0E0064B010 /* MODDBRef.m in Sources */ = {isa = PBXBuildFile; fileRef = 025C561E1433E7E40064B010 /* MODDBRef.m */; };
		02688DDC14119CF50014ED51 /* MODDatabase.h in Headers */ = {isa = PBXBuildFile; fileRef = 02688DDA14119CF50014ED51 /* MODDatabase.h */; };
		02688DDD14119CF50014ED51 /* MODDatabase.m in Sources */ = {isa = PBXBuildFile; fileRef = 02688DDB14119CF50014ED51 /* MODDatabase.m */; };
		02688DDE14119CF50014ED51 /* MODDatabase.m in Sources */ = {isa = PBXBuildFile; fileRef = 02688DDB14119CF50014ED51 /* MODDatabase.m */; };
		02688DE21411C5010014ED51 /* MODCollection.h in Headers */ = {isa = PBXBuildFile; fileRef = 02688DE01411C5010014ED51 /* MODCollection.h */; };
		02688DE31411C5010014ED51 /* MODCollection.m in Sources */ = {isa = PBXBuildFile; fileRef = 02688DE11411C5010014ED51 /* MODCollection.m */; };
		02688DE41411C5010014ED51 /* MODCollection.m in Sources */ = {isa = PBXBuildFile; fileRef = 02688DE11411C5010014ED51 /* MODCollection.m */; };
		026B94A014BC276100BA0688 /* MODUndefined.m in Sources */ = {isa = PBXBuildFile; fileRef = 026B949E14BC276100BA0688 /* MODUndefined.m */; };
		026B94A114BC276100BA0688 /* MODUndefined.h in Headers */ = {isa = PBXBuildFile; fileRef = 026B949F14BC276100BA0688 /* MODUndefined.h */; };
		026B94A314BC278700BA0688 /* MODUndefined.m in Sources */ = {isa = PBXBuildFile; fileRef = 026B949E14BC276100BA0688 /* MODUndefined.m */; };
		0272D1BF142D48AF000091A4 /* MODJsonParser.h in Headers */ = {isa = PBXBuildFile; fileRef = 0272D1BD142D48AE000091A4 /* MODJsonParser.h */; };
		0272D1C0142D48AF000091A4 /* MODJsonParser.m in Sources */ = {isa = PBXBuildFile; fileRef = 0272D1BE142D48AF000091A4 /* MODJsonParser.m */; };
		0272D1C2142D5A5C000091A4 /* MODJsonParser.m in Sources */ = {isa = PBXBuildFile; fileRef = 0272D1BE142D48AF000091A4 /* MODJsonParser.m */; };
		028CE605142E10BE0099B1F7 /* MODTimestamp.h in Headers */ = {isa = PBXBuildFile; fileRef = 028CE603142E10BE0099B1F7 /* MODTimestamp.h */; };
		028CE606142E10BE0099B1F7 /* MODTimestamp.m in Sources */ = {isa = PBXBuildFile; fileRef = 028CE604142E10BE0099B1F7 /* MODTimestamp.m */; };
		028CE608142E4A1A0099B1F7 /* MODTimestamp.m in Sources */ = {isa = PBXBuildFile; fileRef = 028CE604142E10BE0099B1F7 /* MODTimestamp.m */; };
		02A85F4614103D64004F3FE9 /* bson.c in Sources */ = {isa = PBXBuildFile; fileRef = 02A85F1A14103D4D004F3FE9 /* bson.c */; };
		02A85F4714103D64004F3FE9 /* encoding.c in Sources */ = {isa = PBXBuildFile; fileRef = 02A85F1C14103D4D004F3FE9 /* encoding.c */; };
		02A85F4814103D64004F3FE9 /* gridfs.c in Sources */ = {isa = PBXBuildFile; fileRef = 02A85F1E14103D4D004F3FE9 /* gridfs.c */; };
		02A85F4914103D64004F3FE9 /* md5.c in Sources */ = {isa = PBXBuildFile; fileRef = 02A85F2014103D4D004F3FE9 /* md5.c */; };
		02A85F4A14103D64004F3FE9 /* mongo.c in Sources */ = {isa = PBXBuildFile; fileRef = 02A85F2214103D4D004F3FE9 /* mongo.c */; };
		02A85F4C14103D64004F3FE9 /* numbers.c in Sources */ = {isa = PBXBuildFile; fileRef = 02A85F2614103D4D004F3FE9 /* numbers.c */; };
		02A85F5114103EA6004F3FE9 /* MODServer.h in Headers */ = {isa = PBXBuildFile; fileRef = 02A85F4F14103EA6004F3FE9 /* MODServer.h */; settings = {ATTRIBUTES = (Public, ); }; };
		02A85F5214103EA6004F3FE9 /* MODServer.m in Sources */ = {isa = PBXBuildFile; fileRef = 02A85F5014103EA6004F3FE9 /* MODServer.m */; };
		02A85F5914104184004F3FE9 /* MODQuery.h in Headers */ = {isa = PBXBuildFile; fileRef = 02A85F5714104184004F3FE9 /* MODQuery.h */; settings = {ATTRIBUTES = (Public, ); }; };
		02A85F5A14104184004F3FE9 /* MODQuery.m in Sources */ = {isa = PBXBuildFile; fileRef = 02A85F5814104184004F3FE9 /* MODQuery.m */; };
		02A85F5D14104373004F3FE9 /* MOD_internal.h in Headers */ = {isa = PBXBuildFile; fileRef = 02A85F5B14104373004F3FE9 /* MOD_internal.h */; };
		02A85F5F1410809F004F3FE9 /* bson.h in Headers */ = {isa = PBXBuildFile; fileRef = 02A85F1B14103D4D004F3FE9 /* bson.h */; };
		02A85F60141080A2004F3FE9 /* encoding.h in Headers */ = {isa = PBXBuildFile; fileRef = 02A85F1D14103D4D004F3FE9 /* encoding.h */; };
		02A85F61141080A2004F3FE9 /* gridfs.h in Headers */ = {isa = PBXBuildFile; fileRef = 02A85F1F14103D4D004F3FE9 /* gridfs.h */; };
		02A85F62141080A2004F3FE9 /* md5.h in Headers */ = {isa = PBXBuildFile; fileRef = 02A85F2114103D4D004F3FE9 /* md5.h */; };
		02A85F63141080A2004F3FE9 /* mongo.h in Headers */ = {isa = PBXBuildFile; fileRef = 02A85F2314103D4D004F3FE9 /* mongo.h */; };
		02AB057614296F9000B7CD19 /* MODObjectId.h in Headers */ = {isa = PBXBuildFile; fileRef = 02AB057414296F9000B7CD19 /* MODObjectId.h */; };
		02AB057714296F9000B7CD19 /* MODObjectId.m in Sources */ = {isa = PBXBuildFile; fileRef = 02AB057514296F9000B7CD19 /* MODObjectId.m */; };
		02AB057814296F9000B7CD19 /* MODObjectId.m in Sources */ = {isa = PBXBuildFile; fileRef = 02AB057514296F9000B7CD19 /* MODObjectId.m */; };
		02ABA1C414103B37000417F4 /* Cocoa.framework in Frameworks */ = {isa = PBXBuildFile; fileRef = 02ABA1C314103B37000417F4 /* Cocoa.framework */; };
		02B24273147D1BD6008A15A3 /* MODSortedMutableDictionary.h in Headers */ = {isa = PBXBuildFile; fileRef = 02B24271147D1BD6008A15A3 /* MODSortedMutableDictionary.h */; };
		02B24274147D1BD6008A15A3 /* MODSortedMutableDictionary.m in Sources */ = {isa = PBXBuildFile; fileRef = 02B24272147D1BD6008A15A3 /* MODSortedMutableDictionary.m */; };
		02B24275147D1BD6008A15A3 /* MODSortedMutableDictionary.m in Sources */ = {isa = PBXBuildFile; fileRef = 02B24272147D1BD6008A15A3 /* MODSortedMutableDictionary.m */; };
		02BDC3E7141D6073000EF755 /* MODCursor.h in Headers */ = {isa = PBXBuildFile; fileRef = 02BDC3E5141D6073000EF755 /* MODCursor.h */; };
		02BDC3E8141D6073000EF755 /* MODCursor.m in Sources */ = {isa = PBXBuildFile; fileRef = 02BDC3E6141D6073000EF755 /* MODCursor.m */; };
		02BDC3EA141D6938000EF755 /* MODCursor.m in Sources */ = {isa = PBXBuildFile; fileRef = 02BDC3E6141D6073000EF755 /* MODCursor.m */; };
		02BDC3EC141D83A7000EF755 /* MODServer_utils.m in Sources */ = {isa = PBXBuildFile; fileRef = 02BDC3EB141D83A7000EF755 /* MODServer_utils.m */; };
		02BDC3ED141D83A7000EF755 /* MODServer_utils.m in Sources */ = {isa = PBXBuildFile; fileRef = 02BDC3EB141D83A7000EF755 /* MODServer_utils.m */; };
		02CF87E9142F8AA3000C4C7F /* MODRegex.h in Headers */ = {isa = PBXBuildFile; fileRef = 02CF87E7142F8AA3000C4C7F /* MODRegex.h */; };
		02CF87EA142F8AA3000C4C7F /* MODRegex.m in Sources */ = {isa = PBXBuildFile; fileRef = 02CF87E8142F8AA3000C4C7F /* MODRegex.m */; };
		02CF87EC142F91CA000C4C7F /* MODRegex.m in Sources */ = {isa = PBXBuildFile; fileRef = 02CF87E8142F8AA3000C4C7F /* MODRegex.m */; };
		02CF87F2142FA66D000C4C7F /* MODJsonGenerator.h in Headers */ = {isa = PBXBuildFile; fileRef = 02CF87F0142FA66D000C4C7F /* MODJsonGenerator.h */; };
		02CF87F3142FA66D000C4C7F /* MODJsonGenerator.m in Sources */ = {isa = PBXBuildFile; fileRef = 02CF87F1142FA66D000C4C7F /* MODJsonGenerator.m */; };
		02CF87F4142FA66D000C4C7F /* MODJsonGenerator.m in Sources */ = {isa = PBXBuildFile; fileRef = 02CF87F1142FA66D000C4C7F /* MODJsonGenerator.m */; };
		02DB18AB172C8C5A00B26EAE /* NSData+Base64.h in Headers */ = {isa = PBXBuildFile; fileRef = 02DB18A9172C8C5A00B26EAE /* NSData+Base64.h */; };
		02DB18AC172C8C5A00B26EAE /* NSData+Base64.m in Sources */ = {isa = PBXBuildFile; fileRef = 02DB18AA172C8C5A00B26EAE /* NSData+Base64.m */; };
		02DB18AF172C8C9700B26EAE /* NSString+Base64.h in Headers */ = {isa = PBXBuildFile; fileRef = 02DB18AD172C8C9700B26EAE /* NSString+Base64.h */; };
		02DB18B0172C8C9700B26EAE /* NSString+Base64.m in Sources */ = {isa = PBXBuildFile; fileRef = 02DB18AE172C8C9700B26EAE /* NSString+Base64.m */; };
		02DB18B1172C8DFA00B26EAE /* NSData+Base64.m in Sources */ = {isa = PBXBuildFile; fileRef = 02DB18AA172C8C5A00B26EAE /* NSData+Base64.m */; };
		02DB18B2172C8E0700B26EAE /* NSString+Base64.m in Sources */ = {isa = PBXBuildFile; fileRef = 02DB18AE172C8C9700B26EAE /* NSString+Base64.m */; };
		02F121C01410EF5200197811 /* Foundation.framework in Frameworks */ = {isa = PBXBuildFile; fileRef = 02F121BF1410EF5200197811 /* Foundation.framework */; };
		02F121C31410EF5200197811 /* main.m in Sources */ = {isa = PBXBuildFile; fileRef = 02F121C21410EF5200197811 /* main.m */; };
		02F121C71410EF5200197811 /* mongo_test.1 in CopyFiles */ = {isa = PBXBuildFile; fileRef = 02F121C61410EF5200197811 /* mongo_test.1 */; };
		02F121CC1410F01B00197811 /* MODServer.m in Sources */ = {isa = PBXBuildFile; fileRef = 02A85F5014103EA6004F3FE9 /* MODServer.m */; };
		02F121CD1410F01D00197811 /* MODQuery.m in Sources */ = {isa = PBXBuildFile; fileRef = 02A85F5814104184004F3FE9 /* MODQuery.m */; };
		02F121CE1410F07200197811 /* bson.c in Sources */ = {isa = PBXBuildFile; fileRef = 02A85F1A14103D4D004F3FE9 /* bson.c */; };
		02F121CF1410F07200197811 /* encoding.c in Sources */ = {isa = PBXBuildFile; fileRef = 02A85F1C14103D4D004F3FE9 /* encoding.c */; };
		02F121D01410F07200197811 /* gridfs.c in Sources */ = {isa = PBXBuildFile; fileRef = 02A85F1E14103D4D004F3FE9 /* gridfs.c */; };
		02F121D11410F07200197811 /* md5.c in Sources */ = {isa = PBXBuildFile; fileRef = 02A85F2014103D4D004F3FE9 /* md5.c */; };
		02F121D21410F07200197811 /* mongo.c in Sources */ = {isa = PBXBuildFile; fileRef = 02A85F2214103D4D004F3FE9 /* mongo.c */; };
		02F121D41410F07200197811 /* numbers.c in Sources */ = {isa = PBXBuildFile; fileRef = 02A85F2614103D4D004F3FE9 /* numbers.c */; };
		02F239631764C75A00042A12 /* Cocoa.framework in Frameworks */ = {isa = PBXBuildFile; fileRef = 02ABA1C314103B37000417F4 /* Cocoa.framework */; };
		02F239691764C75A00042A12 /* InfoPlist.strings in Resources */ = {isa = PBXBuildFile; fileRef = 02F239671764C75A00042A12 /* InfoPlist.strings */; };
		02F2396B1764C75A00042A12 /* main.m in Sources */ = {isa = PBXBuildFile; fileRef = 02F2396A1764C75A00042A12 /* main.m */; };
		02F2396F1764C75A00042A12 /* Credits.rtf in Resources */ = {isa = PBXBuildFile; fileRef = 02F2396D1764C75A00042A12 /* Credits.rtf */; };
		02F239721764C75A00042A12 /* MOTAppDelegate.m in Sources */ = {isa = PBXBuildFile; fileRef = 02F239711764C75A00042A12 /* MOTAppDelegate.m */; };
		02F239751764C75A00042A12 /* MainMenu.xib in Resources */ = {isa = PBXBuildFile; fileRef = 02F239731764C75A00042A12 /* MainMenu.xib */; };
		02F2397A1764C7EA00042A12 /* mongo-objc-driver.framework in Frameworks */ = {isa = PBXBuildFile; fileRef = 02ABA1C014103B37000417F4 /* mongo-objc-driver.framework */; settings = {ATTRIBUTES = (Required, ); }; };
		02F239801764C88900042A12 /* ParseKit.framework in Frameworks */ = {isa = PBXBuildFile; fileRef = 02F2397F1764C87F00042A12 /* ParseKit.framework */; };
		02F239811764C89A00042A12 /* ParseKit.framework in CopyFiles */ = {isa = PBXBuildFile; fileRef = 02F2397F1764C87F00042A12 /* ParseKit.framework */; };
		02F239831764C8AF00042A12 /* mongo-objc-driver.framework in CopyFiles */ = {isa = PBXBuildFile; fileRef = 02ABA1C014103B37000417F4 /* mongo-objc-driver.framework */; };
/* End PBXBuildFile section */

/* Begin PBXContainerItemProxy section */
		02216F1B1412D42B00789BD1 /* PBXContainerItemProxy */ = {
			isa = PBXContainerItemProxy;
			containerPortal = 02ABA1B614103B36000417F4 /* Project object */;
			proxyType = 1;
			remoteGlobalIDString = 02216F151412D39200789BD1;
			remoteInfo = Submodules;
		};
		02216F1D1412D43C00789BD1 /* PBXContainerItemProxy */ = {
			isa = PBXContainerItemProxy;
			containerPortal = 02ABA1B614103B36000417F4 /* Project object */;
			proxyType = 1;
			remoteGlobalIDString = 02216F151412D39200789BD1;
			remoteInfo = Submodules;
		};
		02F2397D1764C83400042A12 /* PBXContainerItemProxy */ = {
			isa = PBXContainerItemProxy;
			containerPortal = 02ABA1B614103B36000417F4 /* Project object */;
			proxyType = 1;
			remoteGlobalIDString = 02ABA1BF14103B37000417F4;
			remoteInfo = "mongo-objc-driver";
		};
/* End PBXContainerItemProxy section */

/* Begin PBXCopyFilesBuildPhase section */
		02F121BB1410EF5200197811 /* CopyFiles */ = {
			isa = PBXCopyFilesBuildPhase;
			buildActionMask = 2147483647;
			dstPath = /usr/share/man/man1/;
			dstSubfolderSpec = 0;
			files = (
				02F121C71410EF5200197811 /* mongo_test.1 in CopyFiles */,
			);
			runOnlyForDeploymentPostprocessing = 1;
		};
		02F2397B1764C80900042A12 /* CopyFiles */ = {
			isa = PBXCopyFilesBuildPhase;
			buildActionMask = 2147483647;
			dstPath = "";
			dstSubfolderSpec = 10;
			files = (
				02F239811764C89A00042A12 /* ParseKit.framework in CopyFiles */,
				02F239831764C8AF00042A12 /* mongo-objc-driver.framework in CopyFiles */,
			);
			runOnlyForDeploymentPostprocessing = 0;
		};
/* End PBXCopyFilesBuildPhase section */

/* Begin PBXFileReference section */
		02216EDE1412D32F00789BD1 /* changelog */ = {isa = PBXFileReference; lastKnownFileType = text; path = changelog; sourceTree = "<group>"; };
		02216EDF1412D32F00789BD1 /* compat */ = {isa = PBXFileReference; lastKnownFileType = text; path = compat; sourceTree = "<group>"; };
		02216EE01412D32F00789BD1 /* control */ = {isa = PBXFileReference; lastKnownFileType = text; path = control; sourceTree = "<group>"; };
		02216EE11412D32F00789BD1 /* copyright */ = {isa = PBXFileReference; lastKnownFileType = text; path = copyright; sourceTree = "<group>"; };
		02216EE21412D32F00789BD1 /* docs */ = {isa = PBXFileReference; lastKnownFileType = text; path = docs; sourceTree = "<group>"; };
		02216EE31412D32F00789BD1 /* libjson-dev.dirs */ = {isa = PBXFileReference; lastKnownFileType = text; path = "libjson-dev.dirs"; sourceTree = "<group>"; };
		02216EE41412D32F00789BD1 /* libjson-dev.install */ = {isa = PBXFileReference; lastKnownFileType = text; path = "libjson-dev.install"; sourceTree = "<group>"; };
		02216EE51412D32F00789BD1 /* libjson.dirs */ = {isa = PBXFileReference; lastKnownFileType = text; path = libjson.dirs; sourceTree = "<group>"; };
		02216EE61412D32F00789BD1 /* libjson.install */ = {isa = PBXFileReference; lastKnownFileType = text; path = libjson.install; sourceTree = "<group>"; };
		02216EE71412D32F00789BD1 /* rules */ = {isa = PBXFileReference; lastKnownFileType = text; path = rules; sourceTree = "<group>"; };
		02216EE81412D32F00789BD1 /* watch */ = {isa = PBXFileReference; lastKnownFileType = text; path = watch; sourceTree = "<group>"; };
		02216EE91412D32F00789BD1 /* documentation */ = {isa = PBXFileReference; lastKnownFileType = text; path = documentation; sourceTree = "<group>"; };
		02216EEA1412D32F00789BD1 /* json.c */ = {isa = PBXFileReference; lastKnownFileType = sourcecode.c.c; path = json.c; sourceTree = "<group>"; };
		02216EEB1412D32F00789BD1 /* json.h */ = {isa = PBXFileReference; lastKnownFileType = sourcecode.c.h; path = json.h; sourceTree = "<group>"; };
		02216EEC1412D32F00789BD1 /* jsonlint.c */ = {isa = PBXFileReference; lastKnownFileType = sourcecode.c.c; path = jsonlint.c; sourceTree = "<group>"; };
		02216EED1412D32F00789BD1 /* libjson.pc.in */ = {isa = PBXFileReference; lastKnownFileType = text; path = libjson.pc.in; sourceTree = "<group>"; };
		02216EEE1412D32F00789BD1 /* Makefile */ = {isa = PBXFileReference; lastKnownFileType = sourcecode.make; path = Makefile; sourceTree = "<group>"; };
		02216EF21412D32F00789BD1 /* empty.json */ = {isa = PBXFileReference; lastKnownFileType = text.json; path = empty.json; sourceTree = "<group>"; };
		02216EF31412D32F00789BD1 /* esc0.json */ = {isa = PBXFileReference; lastKnownFileType = text.json; path = esc0.json; sourceTree = "<group>"; };
		02216EF41412D32F00789BD1 /* esc1.json */ = {isa = PBXFileReference; lastKnownFileType = text.json; path = esc1.json; sourceTree = "<group>"; };
		02216EF51412D32F00789BD1 /* esc2.json */ = {isa = PBXFileReference; lastKnownFileType = text.json; path = esc2.json; sourceTree = "<group>"; };
		02216EF61412D32F00789BD1 /* esc3.json */ = {isa = PBXFileReference; lastKnownFileType = text.json; path = esc3.json; sourceTree = "<group>"; };
		02216EF71412D32F00789BD1 /* esc4.json */ = {isa = PBXFileReference; lastKnownFileType = text.json; path = esc4.json; sourceTree = "<group>"; };
		02216EF81412D32F00789BD1 /* float0.json */ = {isa = PBXFileReference; lastKnownFileType = text.json; path = float0.json; sourceTree = "<group>"; };
		02216EF91412D32F00789BD1 /* float1.json */ = {isa = PBXFileReference; lastKnownFileType = text.json; path = float1.json; sourceTree = "<group>"; };
		02216EFA1412D32F00789BD1 /* object0.json */ = {isa = PBXFileReference; lastKnownFileType = text.json; path = object0.json; sourceTree = "<group>"; };
		02216EFB1412D32F00789BD1 /* object1.json */ = {isa = PBXFileReference; lastKnownFileType = text.json; path = object1.json; sourceTree = "<group>"; };
		02216EFC1412D32F00789BD1 /* object2.json */ = {isa = PBXFileReference; lastKnownFileType = text.json; path = object2.json; sourceTree = "<group>"; };
		02216EFD1412D32F00789BD1 /* object3.json */ = {isa = PBXFileReference; lastKnownFileType = text.json; path = object3.json; sourceTree = "<group>"; };
		02216EFF1412D32F00789BD1 /* 1.json */ = {isa = PBXFileReference; lastKnownFileType = text.json; path = 1.json; sourceTree = "<group>"; };
		02216F001412D32F00789BD1 /* 2.json */ = {isa = PBXFileReference; lastKnownFileType = text.json; path = 2.json; sourceTree = "<group>"; };
		02216F011412D32F00789BD1 /* 2obj.json */ = {isa = PBXFileReference; lastKnownFileType = text.json; path = 2obj.json; sourceTree = "<group>"; };
		02216F021412D32F00789BD1 /* 3.json */ = {isa = PBXFileReference; lastKnownFileType = text.json; path = 3.json; sourceTree = "<group>"; };
		02216F031412D32F00789BD1 /* 4.json */ = {isa = PBXFileReference; lastKnownFileType = text.json; path = 4.json; sourceTree = "<group>"; };
		02216F041412D32F00789BD1 /* 5.json */ = {isa = PBXFileReference; lastKnownFileType = text.json; path = 5.json; sourceTree = "<group>"; };
		02216F051412D32F00789BD1 /* 6.json */ = {isa = PBXFileReference; lastKnownFileType = text.json; path = 6.json; sourceTree = "<group>"; };
		02216F061412D32F00789BD1 /* 7.json */ = {isa = PBXFileReference; lastKnownFileType = text.json; path = 7.json; sourceTree = "<group>"; };
		02216F071412D32F00789BD1 /* c-comment.json */ = {isa = PBXFileReference; lastKnownFileType = text.json; path = "c-comment.json"; sourceTree = "<group>"; };
		02216F081412D32F00789BD1 /* complex0.json */ = {isa = PBXFileReference; lastKnownFileType = text.json; path = complex0.json; sourceTree = "<group>"; };
		02216F091412D32F00789BD1 /* emptyobj.json */ = {isa = PBXFileReference; lastKnownFileType = text.json; path = emptyobj.json; sourceTree = "<group>"; };
		02216F0A1412D32F00789BD1 /* esc0.json */ = {isa = PBXFileReference; lastKnownFileType = text.json; path = esc0.json; sourceTree = "<group>"; };
		02216F0B1412D32F00789BD1 /* esc1.json */ = {isa = PBXFileReference; lastKnownFileType = text.json; path = esc1.json; sourceTree = "<group>"; };
		02216F0C1412D32F00789BD1 /* esc2.json */ = {isa = PBXFileReference; lastKnownFileType = text.json; path = esc2.json; sourceTree = "<group>"; };
		02216F0D1412D32F00789BD1 /* esc3.json */ = {isa = PBXFileReference; lastKnownFileType = text.json; path = esc3.json; sourceTree = "<group>"; };
		02216F0E1412D32F00789BD1 /* esc4.json */ = {isa = PBXFileReference; lastKnownFileType = text.json; path = esc4.json; sourceTree = "<group>"; };
		02216F0F1412D32F00789BD1 /* float0.json */ = {isa = PBXFileReference; lastKnownFileType = text.json; path = float0.json; sourceTree = "<group>"; };
		02216F101412D32F00789BD1 /* float1.json */ = {isa = PBXFileReference; lastKnownFileType = text.json; path = float1.json; sourceTree = "<group>"; };
		02216F111412D32F00789BD1 /* float2.json */ = {isa = PBXFileReference; lastKnownFileType = text.json; path = float2.json; sourceTree = "<group>"; };
		02216F121412D32F00789BD1 /* multiobj.json */ = {isa = PBXFileReference; lastKnownFileType = text.json; path = multiobj.json; sourceTree = "<group>"; };
		02216F131412D32F00789BD1 /* yaml-comment.json */ = {isa = PBXFileReference; lastKnownFileType = text.json; path = "yaml-comment.json"; sourceTree = "<group>"; };
		02216F141412D32F00789BD1 /* runtest */ = {isa = PBXFileReference; lastKnownFileType = text.script.sh; path = runtest; sourceTree = "<group>"; };
		022F8C4F169B5EF20024D20C /* bcon.c */ = {isa = PBXFileReference; fileEncoding = 4; lastKnownFileType = sourcecode.c.c; path = bcon.c; sourceTree = "<group>"; };
		022F8C50169B5EF20024D20C /* bcon.h */ = {isa = PBXFileReference; fileEncoding = 4; lastKnownFileType = sourcecode.c.h; path = bcon.h; sourceTree = "<group>"; };
		022F8C51169B5EF20024D20C /* env.c */ = {isa = PBXFileReference; fileEncoding = 4; lastKnownFileType = sourcecode.c.c; path = env.c; sourceTree = "<group>"; };
		023ECFFA14851BEE00185781 /* MODSymbol.h */ = {isa = PBXFileReference; fileEncoding = 4; lastKnownFileType = sourcecode.c.h; path = MODSymbol.h; sourceTree = "<group>"; };
		023ECFFB14851BEE00185781 /* MODSymbol.m */ = {isa = PBXFileReference; fileEncoding = 4; lastKnownFileType = sourcecode.c.objc; path = MODSymbol.m; sourceTree = "<group>"; };
		02411AB41432B8F900A5FFCA /* MOD_public.h */ = {isa = PBXFileReference; fileEncoding = 4; lastKnownFileType = sourcecode.c.h; path = MOD_public.h; sourceTree = "<group>"; };
		02411AB71432D02600A5FFCA /* MODBinary.h */ = {isa = PBXFileReference; fileEncoding = 4; lastKnownFileType = sourcecode.c.h; path = MODBinary.h; sourceTree = "<group>"; };
		02411AB81432D02600A5FFCA /* MODBinary.m */ = {isa = PBXFileReference; fileEncoding = 4; lastKnownFileType = sourcecode.c.objc; path = MODBinary.m; sourceTree = "<group>"; };
		025C561E1433E7E40064B010 /* MODDBRef.m */ = {isa = PBXFileReference; fileEncoding = 4; lastKnownFileType = sourcecode.c.objc; path = MODDBRef.m; sourceTree = "<group>"; };
		025C561F1433E7E40064B010 /* MODDBRef.h */ = {isa = PBXFileReference; fileEncoding = 4; lastKnownFileType = sourcecode.c.h; path = MODDBRef.h; sourceTree = "<group>"; };
		02688DDA14119CF50014ED51 /* MODDatabase.h */ = {isa = PBXFileReference; fileEncoding = 4; lastKnownFileType = sourcecode.c.h; path = MODDatabase.h; sourceTree = "<group>"; };
		02688DDB14119CF50014ED51 /* MODDatabase.m */ = {isa = PBXFileReference; fileEncoding = 4; lastKnownFileType = sourcecode.c.objc; path = MODDatabase.m; sourceTree = "<group>"; };
		02688DE01411C5010014ED51 /* MODCollection.h */ = {isa = PBXFileReference; fileEncoding = 4; lastKnownFileType = sourcecode.c.h; path = MODCollection.h; sourceTree = "<group>"; };
		02688DE11411C5010014ED51 /* MODCollection.m */ = {isa = PBXFileReference; fileEncoding = 4; lastKnownFileType = sourcecode.c.objc; path = MODCollection.m; sourceTree = "<group>"; };
		026B949E14BC276100BA0688 /* MODUndefined.m */ = {isa = PBXFileReference; fileEncoding = 4; lastKnownFileType = sourcecode.c.objc; path = MODUndefined.m; sourceTree = "<group>"; };
		026B949F14BC276100BA0688 /* MODUndefined.h */ = {isa = PBXFileReference; fileEncoding = 4; lastKnownFileType = sourcecode.c.h; path = MODUndefined.h; sourceTree = "<group>"; };
		0272D1BD142D48AE000091A4 /* MODJsonParser.h */ = {isa = PBXFileReference; fileEncoding = 4; lastKnownFileType = sourcecode.c.h; path = MODJsonParser.h; sourceTree = "<group>"; };
		0272D1BE142D48AF000091A4 /* MODJsonParser.m */ = {isa = PBXFileReference; fileEncoding = 4; lastKnownFileType = sourcecode.c.objc; path = MODJsonParser.m; sourceTree = "<group>"; };
		028CE603142E10BE0099B1F7 /* MODTimestamp.h */ = {isa = PBXFileReference; fileEncoding = 4; lastKnownFileType = sourcecode.c.h; path = MODTimestamp.h; sourceTree = "<group>"; };
		028CE604142E10BE0099B1F7 /* MODTimestamp.m */ = {isa = PBXFileReference; fileEncoding = 4; lastKnownFileType = sourcecode.c.objc; path = MODTimestamp.m; sourceTree = "<group>"; };
		02A02EDD16B9E428002A4305 /* __init__.py */ = {isa = PBXFileReference; lastKnownFileType = text.script.python; path = __init__.py; sourceTree = "<group>"; };
		02A02EDE16B9E428002A4305 /* docs.py */ = {isa = PBXFileReference; lastKnownFileType = text.script.python; path = docs.py; sourceTree = "<group>"; };
		02A02EE016B9E428002A4305 /* example.c */ = {isa = PBXFileReference; lastKnownFileType = sourcecode.c.c; path = example.c; sourceTree = "<group>"; };
		02A02EE316B9E428002A4305 /* make.bat */ = {isa = PBXFileReference; lastKnownFileType = text; path = make.bat; sourceTree = "<group>"; };
		02A02EE416B9E428002A4305 /* Makefile */ = {isa = PBXFileReference; lastKnownFileType = sourcecode.make; path = Makefile; sourceTree = "<group>"; };
		02A02EE616B9E428002A4305 /* bcon.rst */ = {isa = PBXFileReference; lastKnownFileType = text; path = bcon.rst; sourceTree = "<group>"; };
		02A02EE716B9E428002A4305 /* bson.rst */ = {isa = PBXFileReference; lastKnownFileType = text; path = bson.rst; sourceTree = "<group>"; };
		02A02EE816B9E428002A4305 /* building.rst */ = {isa = PBXFileReference; lastKnownFileType = text; path = building.rst; sourceTree = "<group>"; };
		02A02EE916B9E428002A4305 /* conf.py */ = {isa = PBXFileReference; lastKnownFileType = text.script.python; path = conf.py; sourceTree = "<group>"; };
		02A02EEA16B9E428002A4305 /* connections.rst */ = {isa = PBXFileReference; lastKnownFileType = text; path = connections.rst; sourceTree = "<group>"; };
		02A02EEB16B9E428002A4305 /* errors.rst */ = {isa = PBXFileReference; lastKnownFileType = text; path = errors.rst; sourceTree = "<group>"; };
		02A02EEC16B9E428002A4305 /* index.rst */ = {isa = PBXFileReference; lastKnownFileType = text; path = index.rst; sourceTree = "<group>"; };
		02A02EED16B9E428002A4305 /* tutorial.rst */ = {isa = PBXFileReference; lastKnownFileType = text; path = tutorial.rst; sourceTree = "<group>"; };
		02A02EEE16B9E428002A4305 /* write_concern.rst */ = {isa = PBXFileReference; lastKnownFileType = text; path = write_concern.rst; sourceTree = "<group>"; };
		02A02EF016B9E7C0002A4305 /* auth_test.c */ = {isa = PBXFileReference; lastKnownFileType = sourcecode.c.c; path = auth_test.c; sourceTree = "<group>"; };
		02A02EF116B9E7C0002A4305 /* bcon_test.c */ = {isa = PBXFileReference; lastKnownFileType = sourcecode.c.c; path = bcon_test.c; sourceTree = "<group>"; };
		02A02EF216B9E7C0002A4305 /* benchmark_test.c */ = {isa = PBXFileReference; lastKnownFileType = sourcecode.c.c; path = benchmark_test.c; sourceTree = "<group>"; };
		02A02EF316B9E7C0002A4305 /* bson_subobject_test.c */ = {isa = PBXFileReference; lastKnownFileType = sourcecode.c.c; path = bson_subobject_test.c; sourceTree = "<group>"; };
		02A02EF416B9E7C0002A4305 /* bson_test.c */ = {isa = PBXFileReference; lastKnownFileType = sourcecode.c.c; path = bson_test.c; sourceTree = "<group>"; };
		02A02EF516B9E7C0002A4305 /* commands_test.c */ = {isa = PBXFileReference; lastKnownFileType = sourcecode.c.c; path = commands_test.c; sourceTree = "<group>"; };
		02A02EF616B9E7C0002A4305 /* connect_test.c */ = {isa = PBXFileReference; lastKnownFileType = sourcecode.c.c; path = connect_test.c; sourceTree = "<group>"; };
		02A02EF716B9E7C0002A4305 /* count_delete_test.c */ = {isa = PBXFileReference; lastKnownFileType = sourcecode.c.c; path = count_delete_test.c; sourceTree = "<group>"; };
		02A02EF816B9E7C0002A4305 /* cpptest.cpp */ = {isa = PBXFileReference; lastKnownFileType = sourcecode.cpp.cpp; path = cpptest.cpp; sourceTree = "<group>"; };
		02A02EF916B9E7C0002A4305 /* cursors_test.c */ = {isa = PBXFileReference; lastKnownFileType = sourcecode.c.c; path = cursors_test.c; sourceTree = "<group>"; };
		02A02EFA16B9E7C0002A4305 /* endian_swap_test.c */ = {isa = PBXFileReference; lastKnownFileType = sourcecode.c.c; path = endian_swap_test.c; sourceTree = "<group>"; };
		02A02EFB16B9E7C0002A4305 /* env_posix_test.c */ = {isa = PBXFileReference; lastKnownFileType = sourcecode.c.c; path = env_posix_test.c; sourceTree = "<group>"; };
		02A02EFC16B9E7C0002A4305 /* env_win32_test.c */ = {isa = PBXFileReference; lastKnownFileType = sourcecode.c.c; path = env_win32_test.c; sourceTree = "<group>"; };
		02A02EFD16B9E7C0002A4305 /* errors_test.c */ = {isa = PBXFileReference; lastKnownFileType = sourcecode.c.c; path = errors_test.c; sourceTree = "<group>"; };
		02A02EFE16B9E7C0002A4305 /* examples_test.c */ = {isa = PBXFileReference; lastKnownFileType = sourcecode.c.c; path = examples_test.c; sourceTree = "<group>"; };
		02A02EFF16B9E7C0002A4305 /* functions_test.c */ = {isa = PBXFileReference; lastKnownFileType = sourcecode.c.c; path = functions_test.c; sourceTree = "<group>"; };
		02A02F0016B9E7C0002A4305 /* gridfs_test.c */ = {isa = PBXFileReference; lastKnownFileType = sourcecode.c.c; path = gridfs_test.c; sourceTree = "<group>"; };
		02A02F0116B9E7C0002A4305 /* helpers_test.c */ = {isa = PBXFileReference; lastKnownFileType = sourcecode.c.c; path = helpers_test.c; sourceTree = "<group>"; };
		02A02F0216B9E7C0002A4305 /* json_test.c */ = {isa = PBXFileReference; lastKnownFileType = sourcecode.c.c; path = json_test.c; sourceTree = "<group>"; };
		02A02F0316B9E7C0002A4305 /* oid_test.c */ = {isa = PBXFileReference; lastKnownFileType = sourcecode.c.c; path = oid_test.c; sourceTree = "<group>"; };
		02A02F0616B9E7C0002A4305 /* timeouts.c */ = {isa = PBXFileReference; lastKnownFileType = sourcecode.c.c; path = timeouts.c; sourceTree = "<group>"; };
		02A02F0716B9E7C0002A4305 /* replica_set_test.c */ = {isa = PBXFileReference; lastKnownFileType = sourcecode.c.c; path = replica_set_test.c; sourceTree = "<group>"; };
		02A02F0816B9E7C0002A4305 /* replset_test.c */ = {isa = PBXFileReference; lastKnownFileType = sourcecode.c.c; path = replset_test.c; sourceTree = "<group>"; };
		02A02F0916B9E7C0002A4305 /* resize_test.c */ = {isa = PBXFileReference; lastKnownFileType = sourcecode.c.c; path = resize_test.c; sourceTree = "<group>"; };
		02A02F0A16B9E7C0002A4305 /* simple_test.c */ = {isa = PBXFileReference; lastKnownFileType = sourcecode.c.c; path = simple_test.c; sourceTree = "<group>"; };
		02A02F0B16B9E7C0002A4305 /* sizes_test.c */ = {isa = PBXFileReference; lastKnownFileType = sourcecode.c.c; path = sizes_test.c; sourceTree = "<group>"; };
		02A02F0C16B9E7C0002A4305 /* test.h */ = {isa = PBXFileReference; lastKnownFileType = sourcecode.c.h; path = test.h; sourceTree = "<group>"; };
		02A02F0D16B9E7C0002A4305 /* unix_socket_test.c */ = {isa = PBXFileReference; lastKnownFileType = sourcecode.c.c; path = unix_socket_test.c; sourceTree = "<group>"; };
		02A02F0E16B9E7C0002A4305 /* update_test.c */ = {isa = PBXFileReference; lastKnownFileType = sourcecode.c.c; path = update_test.c; sourceTree = "<group>"; };
		02A02F0F16B9E7C0002A4305 /* validate_test.c */ = {isa = PBXFileReference; lastKnownFileType = sourcecode.c.c; path = validate_test.c; sourceTree = "<group>"; };
		02A02F1016B9E7C0002A4305 /* write_concern_test.c */ = {isa = PBXFileReference; lastKnownFileType = sourcecode.c.c; path = write_concern_test.c; sourceTree = "<group>"; };
		02A85F0314103D4D004F3FE9 /* .astylerc */ = {isa = PBXFileReference; lastKnownFileType = text; path = .astylerc; sourceTree = "<group>"; };
		02A85F0414103D4D004F3FE9 /* .gitignore */ = {isa = PBXFileReference; lastKnownFileType = text; path = .gitignore; sourceTree = "<group>"; };
		02A85F0514103D4D004F3FE9 /* APACHE-2.0.txt */ = {isa = PBXFileReference; lastKnownFileType = text; path = "APACHE-2.0.txt"; sourceTree = "<group>"; };
		02A85F1514103D4D004F3FE9 /* doxygenConfig */ = {isa = PBXFileReference; lastKnownFileType = text; path = doxygenConfig; sourceTree = "<group>"; };
		02A85F1614103D4D004F3FE9 /* HISTORY.md */ = {isa = PBXFileReference; lastKnownFileType = text; path = HISTORY.md; sourceTree = "<group>"; };
		02A85F1714103D4D004F3FE9 /* README.md */ = {isa = PBXFileReference; lastKnownFileType = text; path = README.md; sourceTree = "<group>"; };
		02A85F1814103D4D004F3FE9 /* SConstruct */ = {isa = PBXFileReference; lastKnownFileType = text; path = SConstruct; sourceTree = "<group>"; };
		02A85F1A14103D4D004F3FE9 /* bson.c */ = {isa = PBXFileReference; lastKnownFileType = sourcecode.c.c; path = bson.c; sourceTree = "<group>"; };
		02A85F1B14103D4D004F3FE9 /* bson.h */ = {isa = PBXFileReference; lastKnownFileType = sourcecode.c.h; path = bson.h; sourceTree = "<group>"; };
		02A85F1C14103D4D004F3FE9 /* encoding.c */ = {isa = PBXFileReference; lastKnownFileType = sourcecode.c.c; path = encoding.c; sourceTree = "<group>"; };
		02A85F1D14103D4D004F3FE9 /* encoding.h */ = {isa = PBXFileReference; lastKnownFileType = sourcecode.c.h; path = encoding.h; sourceTree = "<group>"; };
		02A85F1E14103D4D004F3FE9 /* gridfs.c */ = {isa = PBXFileReference; lastKnownFileType = sourcecode.c.c; path = gridfs.c; sourceTree = "<group>"; };
		02A85F1F14103D4D004F3FE9 /* gridfs.h */ = {isa = PBXFileReference; lastKnownFileType = sourcecode.c.h; path = gridfs.h; sourceTree = "<group>"; };
		02A85F2014103D4D004F3FE9 /* md5.c */ = {isa = PBXFileReference; lastKnownFileType = sourcecode.c.c; path = md5.c; sourceTree = "<group>"; };
		02A85F2114103D4D004F3FE9 /* md5.h */ = {isa = PBXFileReference; lastKnownFileType = sourcecode.c.h; path = md5.h; sourceTree = "<group>"; };
		02A85F2214103D4D004F3FE9 /* mongo.c */ = {isa = PBXFileReference; lastKnownFileType = sourcecode.c.c; path = mongo.c; sourceTree = "<group>"; };
		02A85F2314103D4D004F3FE9 /* mongo.h */ = {isa = PBXFileReference; lastKnownFileType = sourcecode.c.h; path = mongo.h; sourceTree = "<group>"; };
		02A85F2614103D4D004F3FE9 /* numbers.c */ = {isa = PBXFileReference; lastKnownFileType = sourcecode.c.c; path = numbers.c; sourceTree = "<group>"; };
		02A85F4F14103EA6004F3FE9 /* MODServer.h */ = {isa = PBXFileReference; fileEncoding = 4; lastKnownFileType = sourcecode.c.h; path = MODServer.h; sourceTree = "<group>"; };
		02A85F5014103EA6004F3FE9 /* MODServer.m */ = {isa = PBXFileReference; fileEncoding = 4; lastKnownFileType = sourcecode.c.objc; path = MODServer.m; sourceTree = "<group>"; };
		02A85F5714104184004F3FE9 /* MODQuery.h */ = {isa = PBXFileReference; fileEncoding = 4; lastKnownFileType = sourcecode.c.h; path = MODQuery.h; sourceTree = "<group>"; };
		02A85F5814104184004F3FE9 /* MODQuery.m */ = {isa = PBXFileReference; fileEncoding = 4; lastKnownFileType = sourcecode.c.objc; path = MODQuery.m; sourceTree = "<group>"; };
		02A85F5B14104373004F3FE9 /* MOD_internal.h */ = {isa = PBXFileReference; fileEncoding = 4; lastKnownFileType = sourcecode.c.h; path = MOD_internal.h; sourceTree = "<group>"; };
		02AB057414296F9000B7CD19 /* MODObjectId.h */ = {isa = PBXFileReference; fileEncoding = 4; lastKnownFileType = sourcecode.c.h; path = MODObjectId.h; sourceTree = "<group>"; };
		02AB057514296F9000B7CD19 /* MODObjectId.m */ = {isa = PBXFileReference; fileEncoding = 4; lastKnownFileType = sourcecode.c.objc; path = MODObjectId.m; sourceTree = "<group>"; };
		02ABA1C014103B37000417F4 /* mongo-objc-driver.framework */ = {isa = PBXFileReference; explicitFileType = wrapper.framework; includeInIndex = 0; path = "mongo-objc-driver.framework"; sourceTree = BUILT_PRODUCTS_DIR; };
		02ABA1C314103B37000417F4 /* Cocoa.framework */ = {isa = PBXFileReference; lastKnownFileType = wrapper.framework; name = Cocoa.framework; path = System/Library/Frameworks/Cocoa.framework; sourceTree = SDKROOT; };
		02ABA1C614103B37000417F4 /* AppKit.framework */ = {isa = PBXFileReference; lastKnownFileType = wrapper.framework; name = AppKit.framework; path = System/Library/Frameworks/AppKit.framework; sourceTree = SDKROOT; };
		02ABA1C714103B37000417F4 /* CoreData.framework */ = {isa = PBXFileReference; lastKnownFileType = wrapper.framework; name = CoreData.framework; path = System/Library/Frameworks/CoreData.framework; sourceTree = SDKROOT; };
		02ABA1C814103B37000417F4 /* Foundation.framework */ = {isa = PBXFileReference; lastKnownFileType = wrapper.framework; name = Foundation.framework; path = System/Library/Frameworks/Foundation.framework; sourceTree = SDKROOT; };
		02ABA1CB14103B37000417F4 /* mongo-objc-driver-Info.plist */ = {isa = PBXFileReference; lastKnownFileType = text.plist.xml; path = "mongo-objc-driver-Info.plist"; sourceTree = "<group>"; };
		02ABA1CD14103B37000417F4 /* en */ = {isa = PBXFileReference; lastKnownFileType = text.plist.strings; name = en; path = en.lproj/InfoPlist.strings; sourceTree = "<group>"; };
		02AC8DF6151C6B8F00F7531B /* env.h */ = {isa = PBXFileReference; lastKnownFileType = sourcecode.c.h; path = env.h; sourceTree = "<group>"; };
		02B24271147D1BD6008A15A3 /* MODSortedMutableDictionary.h */ = {isa = PBXFileReference; fileEncoding = 4; lastKnownFileType = sourcecode.c.h; path = MODSortedMutableDictionary.h; sourceTree = "<group>"; };
		02B24272147D1BD6008A15A3 /* MODSortedMutableDictionary.m */ = {isa = PBXFileReference; fileEncoding = 4; lastKnownFileType = sourcecode.c.objc; path = MODSortedMutableDictionary.m; sourceTree = "<group>"; };
		02BDC3E5141D6073000EF755 /* MODCursor.h */ = {isa = PBXFileReference; fileEncoding = 4; lastKnownFileType = sourcecode.c.h; path = MODCursor.h; sourceTree = "<group>"; };
		02BDC3E6141D6073000EF755 /* MODCursor.m */ = {isa = PBXFileReference; fileEncoding = 4; lastKnownFileType = sourcecode.c.objc; path = MODCursor.m; sourceTree = "<group>"; };
		02BDC3EB141D83A7000EF755 /* MODServer_utils.m */ = {isa = PBXFileReference; fileEncoding = 4; lastKnownFileType = sourcecode.c.objc; path = MODServer_utils.m; sourceTree = "<group>"; };
		02CF87E7142F8AA3000C4C7F /* MODRegex.h */ = {isa = PBXFileReference; fileEncoding = 4; lastKnownFileType = sourcecode.c.h; path = MODRegex.h; sourceTree = "<group>"; };
		02CF87E8142F8AA3000C4C7F /* MODRegex.m */ = {isa = PBXFileReference; fileEncoding = 4; lastKnownFileType = sourcecode.c.objc; path = MODRegex.m; sourceTree = "<group>"; };
		02CF87F0142FA66D000C4C7F /* MODJsonGenerator.h */ = {isa = PBXFileReference; fileEncoding = 4; lastKnownFileType = sourcecode.c.h; path = MODJsonGenerator.h; sourceTree = "<group>"; };
		02CF87F1142FA66D000C4C7F /* MODJsonGenerator.m */ = {isa = PBXFileReference; fileEncoding = 4; lastKnownFileType = sourcecode.c.objc; path = MODJsonGenerator.m; sourceTree = "<group>"; };
		02DB18A9172C8C5A00B26EAE /* NSData+Base64.h */ = {isa = PBXFileReference; fileEncoding = 4; lastKnownFileType = sourcecode.c.h; path = "NSData+Base64.h"; sourceTree = "<group>"; };
		02DB18AA172C8C5A00B26EAE /* NSData+Base64.m */ = {isa = PBXFileReference; fileEncoding = 4; lastKnownFileType = sourcecode.c.objc; path = "NSData+Base64.m"; sourceTree = "<group>"; };
		02DB18AD172C8C9700B26EAE /* NSString+Base64.h */ = {isa = PBXFileReference; fileEncoding = 4; lastKnownFileType = sourcecode.c.h; path = "NSString+Base64.h"; sourceTree = "<group>"; };
		02DB18AE172C8C9700B26EAE /* NSString+Base64.m */ = {isa = PBXFileReference; fileEncoding = 4; lastKnownFileType = sourcecode.c.objc; path = "NSString+Base64.m"; sourceTree = "<group>"; };
		02F121BD1410EF5200197811 /* mongo-test */ = {isa = PBXFileReference; explicitFileType = "compiled.mach-o.executable"; includeInIndex = 0; path = "mongo-test"; sourceTree = BUILT_PRODUCTS_DIR; };
		02F121BF1410EF5200197811 /* Foundation.framework */ = {isa = PBXFileReference; lastKnownFileType = wrapper.framework; name = Foundation.framework; path = System/Library/Frameworks/Foundation.framework; sourceTree = SDKROOT; };
		02F121C21410EF5200197811 /* main.m */ = {isa = PBXFileReference; lastKnownFileType = sourcecode.c.objc; path = main.m; sourceTree = "<group>"; };
		02F121C61410EF5200197811 /* mongo_test.1 */ = {isa = PBXFileReference; lastKnownFileType = text.man; path = mongo_test.1; sourceTree = "<group>"; };
		02F239621764C75A00042A12 /* MongoObjectiveCTest.app */ = {isa = PBXFileReference; explicitFileType = wrapper.application; includeInIndex = 0; path = MongoObjectiveCTest.app; sourceTree = BUILT_PRODUCTS_DIR; };
		02F239661764C75A00042A12 /* MongoObjectiveCTest-Info.plist */ = {isa = PBXFileReference; lastKnownFileType = text.plist.xml; path = "MongoObjectiveCTest-Info.plist"; sourceTree = "<group>"; };
		02F239681764C75A00042A12 /* en */ = {isa = PBXFileReference; lastKnownFileType = text.plist.strings; name = en; path = en.lproj/InfoPlist.strings; sourceTree = "<group>"; };
		02F2396A1764C75A00042A12 /* main.m */ = {isa = PBXFileReference; lastKnownFileType = sourcecode.c.objc; path = main.m; sourceTree = "<group>"; };
		02F2396C1764C75A00042A12 /* MongoObjectiveCTest-Prefix.pch */ = {isa = PBXFileReference; lastKnownFileType = sourcecode.c.h; path = "MongoObjectiveCTest-Prefix.pch"; sourceTree = "<group>"; };
		02F2396E1764C75A00042A12 /* en */ = {isa = PBXFileReference; lastKnownFileType = text.rtf; name = en; path = en.lproj/Credits.rtf; sourceTree = "<group>"; };
		02F239701764C75A00042A12 /* MOTAppDelegate.h */ = {isa = PBXFileReference; lastKnownFileType = sourcecode.c.h; path = MOTAppDelegate.h; sourceTree = "<group>"; };
		02F239711764C75A00042A12 /* MOTAppDelegate.m */ = {isa = PBXFileReference; lastKnownFileType = sourcecode.c.objc; path = MOTAppDelegate.m; sourceTree = "<group>"; };
		02F239741764C75A00042A12 /* en */ = {isa = PBXFileReference; lastKnownFileType = file.xib; name = en; path = en.lproj/MainMenu.xib; sourceTree = "<group>"; };
		02F2397F1764C87F00042A12 /* ParseKit.framework */ = {isa = PBXFileReference; lastKnownFileType = wrapper.framework; path = ParseKit.framework; sourceTree = "<group>"; };
/* End PBXFileReference section */

/* Begin PBXFrameworksBuildPhase section */
		02ABA1BC14103B37000417F4 /* Frameworks */ = {
			isa = PBXFrameworksBuildPhase;
			buildActionMask = 2147483647;
			files = (
				02ABA1C414103B37000417F4 /* Cocoa.framework in Frameworks */,
			);
			runOnlyForDeploymentPostprocessing = 0;
		};
		02F121BA1410EF5200197811 /* Frameworks */ = {
			isa = PBXFrameworksBuildPhase;
			buildActionMask = 2147483647;
			files = (
				02F121C01410EF5200197811 /* Foundation.framework in Frameworks */,
			);
			runOnlyForDeploymentPostprocessing = 0;
		};
		02F2395F1764C75A00042A12 /* Frameworks */ = {
			isa = PBXFrameworksBuildPhase;
			buildActionMask = 2147483647;
			files = (
				02F239631764C75A00042A12 /* Cocoa.framework in Frameworks */,
				02F2397A1764C7EA00042A12 /* mongo-objc-driver.framework in Frameworks */,
				02F239801764C88900042A12 /* ParseKit.framework in Frameworks */,
			);
			runOnlyForDeploymentPostprocessing = 0;
		};
/* End PBXFrameworksBuildPhase section */

/* Begin PBXGroup section */
		02216EDC1412D32F00789BD1 /* libjson */ = {
			isa = PBXGroup;
			children = (
				02216EDD1412D32F00789BD1 /* debian */,
				02216EE91412D32F00789BD1 /* documentation */,
				02216EEA1412D32F00789BD1 /* json.c */,
				02216EEB1412D32F00789BD1 /* json.h */,
				02216EEC1412D32F00789BD1 /* jsonlint.c */,
				02216EED1412D32F00789BD1 /* libjson.pc.in */,
				02216EEE1412D32F00789BD1 /* Makefile */,
				02216EF01412D32F00789BD1 /* tests */,
			);
			path = libjson;
			sourceTree = "<group>";
		};
		02216EDD1412D32F00789BD1 /* debian */ = {
			isa = PBXGroup;
			children = (
				02216EDE1412D32F00789BD1 /* changelog */,
				02216EDF1412D32F00789BD1 /* compat */,
				02216EE01412D32F00789BD1 /* control */,
				02216EE11412D32F00789BD1 /* copyright */,
				02216EE21412D32F00789BD1 /* docs */,
				02216EE31412D32F00789BD1 /* libjson-dev.dirs */,
				02216EE41412D32F00789BD1 /* libjson-dev.install */,
				02216EE51412D32F00789BD1 /* libjson.dirs */,
				02216EE61412D32F00789BD1 /* libjson.install */,
				02216EE71412D32F00789BD1 /* rules */,
				02216EE81412D32F00789BD1 /* watch */,
			);
			path = debian;
			sourceTree = "<group>";
		};
		02216EF01412D32F00789BD1 /* tests */ = {
			isa = PBXGroup;
			children = (
				02216EF11412D32F00789BD1 /* bad */,
				02216EFE1412D32F00789BD1 /* good */,
				02216F141412D32F00789BD1 /* runtest */,
			);
			path = tests;
			sourceTree = "<group>";
		};
		02216EF11412D32F00789BD1 /* bad */ = {
			isa = PBXGroup;
			children = (
				02216EF21412D32F00789BD1 /* empty.json */,
				02216EF31412D32F00789BD1 /* esc0.json */,
				02216EF41412D32F00789BD1 /* esc1.json */,
				02216EF51412D32F00789BD1 /* esc2.json */,
				02216EF61412D32F00789BD1 /* esc3.json */,
				02216EF71412D32F00789BD1 /* esc4.json */,
				02216EF81412D32F00789BD1 /* float0.json */,
				02216EF91412D32F00789BD1 /* float1.json */,
				02216EFA1412D32F00789BD1 /* object0.json */,
				02216EFB1412D32F00789BD1 /* object1.json */,
				02216EFC1412D32F00789BD1 /* object2.json */,
				02216EFD1412D32F00789BD1 /* object3.json */,
			);
			path = bad;
			sourceTree = "<group>";
		};
		02216EFE1412D32F00789BD1 /* good */ = {
			isa = PBXGroup;
			children = (
				02216EFF1412D32F00789BD1 /* 1.json */,
				02216F001412D32F00789BD1 /* 2.json */,
				02216F011412D32F00789BD1 /* 2obj.json */,
				02216F021412D32F00789BD1 /* 3.json */,
				02216F031412D32F00789BD1 /* 4.json */,
				02216F041412D32F00789BD1 /* 5.json */,
				02216F051412D32F00789BD1 /* 6.json */,
				02216F061412D32F00789BD1 /* 7.json */,
				02216F071412D32F00789BD1 /* c-comment.json */,
				02216F081412D32F00789BD1 /* complex0.json */,
				02216F091412D32F00789BD1 /* emptyobj.json */,
				02216F0A1412D32F00789BD1 /* esc0.json */,
				02216F0B1412D32F00789BD1 /* esc1.json */,
				02216F0C1412D32F00789BD1 /* esc2.json */,
				02216F0D1412D32F00789BD1 /* esc3.json */,
				02216F0E1412D32F00789BD1 /* esc4.json */,
				02216F0F1412D32F00789BD1 /* float0.json */,
				02216F101412D32F00789BD1 /* float1.json */,
				02216F111412D32F00789BD1 /* float2.json */,
				02216F121412D32F00789BD1 /* multiobj.json */,
				02216F131412D32F00789BD1 /* yaml-comment.json */,
			);
			path = good;
			sourceTree = "<group>";
		};
		02A02EDB16B9E427002A4305 /* docs */ = {
			isa = PBXGroup;
			children = (
				02A02EDC16B9E428002A4305 /* buildscripts */,
				02A02EDF16B9E428002A4305 /* examples */,
				02A02EE116B9E428002A4305 /* source */,
			);
			path = docs;
			sourceTree = "<group>";
		};
		02A02EDC16B9E428002A4305 /* buildscripts */ = {
			isa = PBXGroup;
			children = (
				02A02EDD16B9E428002A4305 /* __init__.py */,
				02A02EDE16B9E428002A4305 /* docs.py */,
			);
			path = buildscripts;
			sourceTree = "<group>";
		};
		02A02EDF16B9E428002A4305 /* examples */ = {
			isa = PBXGroup;
			children = (
				02A02EE016B9E428002A4305 /* example.c */,
			);
			path = examples;
			sourceTree = "<group>";
		};
		02A02EE116B9E428002A4305 /* source */ = {
			isa = PBXGroup;
			children = (
				02A02EE216B9E428002A4305 /* sphinx */,
			);
			path = source;
			sourceTree = "<group>";
		};
		02A02EE216B9E428002A4305 /* sphinx */ = {
			isa = PBXGroup;
			children = (
				02A02EE316B9E428002A4305 /* make.bat */,
				02A02EE416B9E428002A4305 /* Makefile */,
				02A02EE516B9E428002A4305 /* source */,
			);
			path = sphinx;
			sourceTree = "<group>";
		};
		02A02EE516B9E428002A4305 /* source */ = {
			isa = PBXGroup;
			children = (
				02A02EE616B9E428002A4305 /* bcon.rst */,
				02A02EE716B9E428002A4305 /* bson.rst */,
				02A02EE816B9E428002A4305 /* building.rst */,
				02A02EE916B9E428002A4305 /* conf.py */,
				02A02EEA16B9E428002A4305 /* connections.rst */,
				02A02EEB16B9E428002A4305 /* errors.rst */,
				02A02EEC16B9E428002A4305 /* index.rst */,
				02A02EED16B9E428002A4305 /* tutorial.rst */,
				02A02EEE16B9E428002A4305 /* write_concern.rst */,
			);
			path = source;
			sourceTree = "<group>";
		};
		02A02EEF16B9E7C0002A4305 /* test */ = {
			isa = PBXGroup;
			children = (
				02A02EF016B9E7C0002A4305 /* auth_test.c */,
				02A02EF116B9E7C0002A4305 /* bcon_test.c */,
				02A02EF216B9E7C0002A4305 /* benchmark_test.c */,
				02A02EF316B9E7C0002A4305 /* bson_subobject_test.c */,
				02A02EF416B9E7C0002A4305 /* bson_test.c */,
				02A02EF516B9E7C0002A4305 /* commands_test.c */,
				02A02EF616B9E7C0002A4305 /* connect_test.c */,
				02A02EF716B9E7C0002A4305 /* count_delete_test.c */,
				02A02EF816B9E7C0002A4305 /* cpptest.cpp */,
				02A02EF916B9E7C0002A4305 /* cursors_test.c */,
				02A02EFA16B9E7C0002A4305 /* endian_swap_test.c */,
				02A02EFB16B9E7C0002A4305 /* env_posix_test.c */,
				02A02EFC16B9E7C0002A4305 /* env_win32_test.c */,
				02A02EFD16B9E7C0002A4305 /* errors_test.c */,
				02A02EFE16B9E7C0002A4305 /* examples_test.c */,
				02A02EFF16B9E7C0002A4305 /* functions_test.c */,
				02A02F0016B9E7C0002A4305 /* gridfs_test.c */,
				02A02F0116B9E7C0002A4305 /* helpers_test.c */,
				02A02F0216B9E7C0002A4305 /* json_test.c */,
				02A02F0316B9E7C0002A4305 /* oid_test.c */,
				02A02F0416B9E7C0002A4305 /* platform */,
				02A02F0716B9E7C0002A4305 /* replica_set_test.c */,
				02A02F0816B9E7C0002A4305 /* replset_test.c */,
				02A02F0916B9E7C0002A4305 /* resize_test.c */,
				02A02F0A16B9E7C0002A4305 /* simple_test.c */,
				02A02F0B16B9E7C0002A4305 /* sizes_test.c */,
				02A02F0C16B9E7C0002A4305 /* test.h */,
				02A02F0D16B9E7C0002A4305 /* unix_socket_test.c */,
				02A02F0E16B9E7C0002A4305 /* update_test.c */,
				02A02F0F16B9E7C0002A4305 /* validate_test.c */,
				02A02F1016B9E7C0002A4305 /* write_concern_test.c */,
			);
			path = test;
			sourceTree = "<group>";
		};
		02A02F0416B9E7C0002A4305 /* platform */ = {
			isa = PBXGroup;
			children = (
				02A02F0516B9E7C0002A4305 /* linux */,
			);
			path = platform;
			sourceTree = "<group>";
		};
		02A02F0516B9E7C0002A4305 /* linux */ = {
			isa = PBXGroup;
			children = (
				02A02F0616B9E7C0002A4305 /* timeouts.c */,
			);
			path = linux;
			sourceTree = "<group>";
		};
		02A85F0114103D4D004F3FE9 /* Libraries */ = {
			isa = PBXGroup;
			children = (
				02A85F0214103D4D004F3FE9 /* mongo-c-driver */,
				02216EDC1412D32F00789BD1 /* libjson */,
			);
			path = Libraries;
			sourceTree = "<group>";
		};
		02A85F0214103D4D004F3FE9 /* mongo-c-driver */ = {
			isa = PBXGroup;
			children = (
				02A85F0314103D4D004F3FE9 /* .astylerc */,
				02A85F0414103D4D004F3FE9 /* .gitignore */,
				02A85F0514103D4D004F3FE9 /* APACHE-2.0.txt */,
				02A85F1514103D4D004F3FE9 /* doxygenConfig */,
				02A85F1614103D4D004F3FE9 /* HISTORY.md */,
				02A85F1714103D4D004F3FE9 /* README.md */,
				02A85F1814103D4D004F3FE9 /* SConstruct */,
				02A02EDB16B9E427002A4305 /* docs */,
				02A85F1914103D4D004F3FE9 /* src */,
				02A02EEF16B9E7C0002A4305 /* test */,
			);
			path = "mongo-c-driver";
			sourceTree = "<group>";
		};
		02A85F1914103D4D004F3FE9 /* src */ = {
			isa = PBXGroup;
			children = (
				022F8C4F169B5EF20024D20C /* bcon.c */,
				022F8C50169B5EF20024D20C /* bcon.h */,
				02A85F1A14103D4D004F3FE9 /* bson.c */,
				02A85F1B14103D4D004F3FE9 /* bson.h */,
				02A85F1C14103D4D004F3FE9 /* encoding.c */,
				02A85F1D14103D4D004F3FE9 /* encoding.h */,
				022F8C51169B5EF20024D20C /* env.c */,
				02AC8DF6151C6B8F00F7531B /* env.h */,
				02A85F1E14103D4D004F3FE9 /* gridfs.c */,
				02A85F1F14103D4D004F3FE9 /* gridfs.h */,
				02A85F2014103D4D004F3FE9 /* md5.c */,
				02A85F2114103D4D004F3FE9 /* md5.h */,
				02A85F2214103D4D004F3FE9 /* mongo.c */,
				02A85F2314103D4D004F3FE9 /* mongo.h */,
				02A85F2614103D4D004F3FE9 /* numbers.c */,
			);
			path = src;
			sourceTree = "<group>";
		};
		02ABA1B414103B36000417F4 = {
			isa = PBXGroup;
			children = (
				02ABA1C914103B37000417F4 /* Sources */,
				02F121C11410EF5200197811 /* mongo-test */,
				02A85F0114103D4D004F3FE9 /* Libraries */,
				02F239641764C75A00042A12 /* MongoObjectiveCTest */,
				02ABA1C214103B37000417F4 /* Frameworks */,
				02ABA1C114103B37000417F4 /* Products */,
			);
			sourceTree = "<group>";
		};
		02ABA1C114103B37000417F4 /* Products */ = {
			isa = PBXGroup;
			children = (
				02ABA1C014103B37000417F4 /* mongo-objc-driver.framework */,
				02F121BD1410EF5200197811 /* mongo-test */,
				02F239621764C75A00042A12 /* MongoObjectiveCTest.app */,
			);
			name = Products;
			sourceTree = "<group>";
		};
		02ABA1C214103B37000417F4 /* Frameworks */ = {
			isa = PBXGroup;
			children = (
				02F2397F1764C87F00042A12 /* ParseKit.framework */,
				02ABA1C314103B37000417F4 /* Cocoa.framework */,
				02F121BF1410EF5200197811 /* Foundation.framework */,
				02ABA1C514103B37000417F4 /* Other Frameworks */,
			);
			path = Frameworks;
			sourceTree = "<group>";
		};
		02ABA1C514103B37000417F4 /* Other Frameworks */ = {
			isa = PBXGroup;
			children = (
				02ABA1C614103B37000417F4 /* AppKit.framework */,
				02ABA1C714103B37000417F4 /* CoreData.framework */,
				02ABA1C814103B37000417F4 /* Foundation.framework */,
			);
			name = "Other Frameworks";
			sourceTree = "<group>";
		};
		02ABA1C914103B37000417F4 /* Sources */ = {
			isa = PBXGroup;
			children = (
				02A85F5B14104373004F3FE9 /* MOD_internal.h */,
				02411AB41432B8F900A5FFCA /* MOD_public.h */,
				02A85F4F14103EA6004F3FE9 /* MODServer.h */,
				02A85F5014103EA6004F3FE9 /* MODServer.m */,
				02BDC3EB141D83A7000EF755 /* MODServer_utils.m */,
				02688DDA14119CF50014ED51 /* MODDatabase.h */,
				02688DDB14119CF50014ED51 /* MODDatabase.m */,
				02688DE01411C5010014ED51 /* MODCollection.h */,
				02688DE11411C5010014ED51 /* MODCollection.m */,
				02BDC3E5141D6073000EF755 /* MODCursor.h */,
				02BDC3E6141D6073000EF755 /* MODCursor.m */,
				02A85F5714104184004F3FE9 /* MODQuery.h */,
				02A85F5814104184004F3FE9 /* MODQuery.m */,
				02AB057414296F9000B7CD19 /* MODObjectId.h */,
				02AB057514296F9000B7CD19 /* MODObjectId.m */,
				028CE603142E10BE0099B1F7 /* MODTimestamp.h */,
				028CE604142E10BE0099B1F7 /* MODTimestamp.m */,
				023ECFFA14851BEE00185781 /* MODSymbol.h */,
				023ECFFB14851BEE00185781 /* MODSymbol.m */,
				02CF87E7142F8AA3000C4C7F /* MODRegex.h */,
				02CF87E8142F8AA3000C4C7F /* MODRegex.m */,
				02411AB71432D02600A5FFCA /* MODBinary.h */,
				02411AB81432D02600A5FFCA /* MODBinary.m */,
				025C561F1433E7E40064B010 /* MODDBRef.h */,
				025C561E1433E7E40064B010 /* MODDBRef.m */,
				026B949F14BC276100BA0688 /* MODUndefined.h */,
				026B949E14BC276100BA0688 /* MODUndefined.m */,
				02B24271147D1BD6008A15A3 /* MODSortedMutableDictionary.h */,
				02B24272147D1BD6008A15A3 /* MODSortedMutableDictionary.m */,
				0272D1BD142D48AE000091A4 /* MODJsonParser.h */,
				0272D1BE142D48AF000091A4 /* MODJsonParser.m */,
				02CF87F0142FA66D000C4C7F /* MODJsonGenerator.h */,
				02CF87F1142FA66D000C4C7F /* MODJsonGenerator.m */,
				02DB18AD172C8C9700B26EAE /* NSString+Base64.h */,
				02DB18AE172C8C9700B26EAE /* NSString+Base64.m */,
				02DB18A9172C8C5A00B26EAE /* NSData+Base64.h */,
				02DB18AA172C8C5A00B26EAE /* NSData+Base64.m */,
				02ABA1CA14103B37000417F4 /* Supporting Files */,
			);
			path = Sources;
			sourceTree = "<group>";
		};
		02ABA1CA14103B37000417F4 /* Supporting Files */ = {
			isa = PBXGroup;
			children = (
				02ABA1CB14103B37000417F4 /* mongo-objc-driver-Info.plist */,
				02ABA1CC14103B37000417F4 /* InfoPlist.strings */,
			);
			name = "Supporting Files";
			sourceTree = "<group>";
		};
		02F121C11410EF5200197811 /* mongo-test */ = {
			isa = PBXGroup;
			children = (
				02F121C21410EF5200197811 /* main.m */,
				02F121C61410EF5200197811 /* mongo_test.1 */,
				02F121C41410EF5200197811 /* Supporting Files */,
			);
			path = "mongo-test";
			sourceTree = "<group>";
		};
		02F121C41410EF5200197811 /* Supporting Files */ = {
			isa = PBXGroup;
			children = (
			);
			name = "Supporting Files";
			sourceTree = "<group>";
		};
		02F239641764C75A00042A12 /* MongoObjectiveCTest */ = {
			isa = PBXGroup;
			children = (
				02F239701764C75A00042A12 /* MOTAppDelegate.h */,
				02F239711764C75A00042A12 /* MOTAppDelegate.m */,
				02F239731764C75A00042A12 /* MainMenu.xib */,
				02F239651764C75A00042A12 /* Supporting Files */,
			);
			path = MongoObjectiveCTest;
			sourceTree = "<group>";
		};
		02F239651764C75A00042A12 /* Supporting Files */ = {
			isa = PBXGroup;
			children = (
				02F239661764C75A00042A12 /* MongoObjectiveCTest-Info.plist */,
				02F239671764C75A00042A12 /* InfoPlist.strings */,
				02F2396A1764C75A00042A12 /* main.m */,
				02F2396C1764C75A00042A12 /* MongoObjectiveCTest-Prefix.pch */,
				02F2396D1764C75A00042A12 /* Credits.rtf */,
			);
			name = "Supporting Files";
			sourceTree = "<group>";
		};
/* End PBXGroup section */

/* Begin PBXHeadersBuildPhase section */
		02ABA1BD14103B37000417F4 /* Headers */ = {
			isa = PBXHeadersBuildPhase;
			buildActionMask = 2147483647;
			files = (
				02A85F5114103EA6004F3FE9 /* MODServer.h in Headers */,
				02A85F5914104184004F3FE9 /* MODQuery.h in Headers */,
				02A85F5D14104373004F3FE9 /* MOD_internal.h in Headers */,
				02A85F5F1410809F004F3FE9 /* bson.h in Headers */,
				02A85F60141080A2004F3FE9 /* encoding.h in Headers */,
				02A85F61141080A2004F3FE9 /* gridfs.h in Headers */,
				02A85F62141080A2004F3FE9 /* md5.h in Headers */,
				02A85F63141080A2004F3FE9 /* mongo.h in Headers */,
				02688DDC14119CF50014ED51 /* MODDatabase.h in Headers */,
				02688DE21411C5010014ED51 /* MODCollection.h in Headers */,
				02BDC3E7141D6073000EF755 /* MODCursor.h in Headers */,
				02AB057614296F9000B7CD19 /* MODObjectId.h in Headers */,
				0272D1BF142D48AF000091A4 /* MODJsonParser.h in Headers */,
				028CE605142E10BE0099B1F7 /* MODTimestamp.h in Headers */,
				02CF87E9142F8AA3000C4C7F /* MODRegex.h in Headers */,
				02CF87F2142FA66D000C4C7F /* MODJsonGenerator.h in Headers */,
				02411AB51432B8FA00A5FFCA /* MOD_public.h in Headers */,
				02411AB91432D02700A5FFCA /* MODBinary.h in Headers */,
				025C56211433E7E40064B010 /* MODDBRef.h in Headers */,
				02B24273147D1BD6008A15A3 /* MODSortedMutableDictionary.h in Headers */,
				023ECFFC14851BEE00185781 /* MODSymbol.h in Headers */,
				026B94A114BC276100BA0688 /* MODUndefined.h in Headers */,
				022F8C53169B5EF20024D20C /* bcon.h in Headers */,
				02DB18AB172C8C5A00B26EAE /* NSData+Base64.h in Headers */,
				02DB18AF172C8C9700B26EAE /* NSString+Base64.h in Headers */,
			);
			runOnlyForDeploymentPostprocessing = 0;
		};
/* End PBXHeadersBuildPhase section */

/* Begin PBXNativeTarget section */
		02ABA1BF14103B37000417F4 /* mongo-objc-driver */ = {
			isa = PBXNativeTarget;
			buildConfigurationList = 02ABA1D514103B37000417F4 /* Build configuration list for PBXNativeTarget "mongo-objc-driver" */;
			buildPhases = (
				02ABA1BB14103B37000417F4 /* Sources */,
				02ABA1BC14103B37000417F4 /* Frameworks */,
				02ABA1BD14103B37000417F4 /* Headers */,
				02ABA1BE14103B37000417F4 /* Resources */,
			);
			buildRules = (
			);
			dependencies = (
				02216F1C1412D42B00789BD1 /* PBXTargetDependency */,
			);
			name = "mongo-objc-driver";
			productName = "mongo-objc-driver";
			productReference = 02ABA1C014103B37000417F4 /* mongo-objc-driver.framework */;
			productType = "com.apple.product-type.framework";
		};
		02F121BC1410EF5200197811 /* mongo-test */ = {
			isa = PBXNativeTarget;
			buildConfigurationList = 02F121CA1410EF5200197811 /* Build configuration list for PBXNativeTarget "mongo-test" */;
			buildPhases = (
				02F121B91410EF5200197811 /* Sources */,
				02F121BA1410EF5200197811 /* Frameworks */,
				02F121BB1410EF5200197811 /* CopyFiles */,
			);
			buildRules = (
			);
			dependencies = (
				02216F1E1412D43C00789BD1 /* PBXTargetDependency */,
			);
			name = "mongo-test";
			productName = "mongo-test";
			productReference = 02F121BD1410EF5200197811 /* mongo-test */;
			productType = "com.apple.product-type.tool";
		};
		02F239611764C75A00042A12 /* MongoObjectiveCTest */ = {
			isa = PBXNativeTarget;
			buildConfigurationList = 02F239781764C75A00042A12 /* Build configuration list for PBXNativeTarget "MongoObjectiveCTest" */;
			buildPhases = (
				02F2395E1764C75A00042A12 /* Sources */,
				02F2395F1764C75A00042A12 /* Frameworks */,
				02F239601764C75A00042A12 /* Resources */,
				02F2397B1764C80900042A12 /* CopyFiles */,
			);
			buildRules = (
			);
			dependencies = (
				02F2397E1764C83400042A12 /* PBXTargetDependency */,
			);
			name = MongoObjectiveCTest;
			productName = MongoObjectiveCTest;
			productReference = 02F239621764C75A00042A12 /* MongoObjectiveCTest.app */;
			productType = "com.apple.product-type.application";
		};
/* End PBXNativeTarget section */

/* Begin PBXProject section */
		02ABA1B614103B36000417F4 /* Project object */ = {
			isa = PBXProject;
			attributes = {
				LastUpgradeCheck = 0430;
			};
			buildConfigurationList = 02ABA1B914103B36000417F4 /* Build configuration list for PBXProject "mongo-objc-driver" */;
			compatibilityVersion = "Xcode 3.2";
			developmentRegion = English;
			hasScannedForEncodings = 0;
			knownRegions = (
				en,
			);
			mainGroup = 02ABA1B414103B36000417F4;
			productRefGroup = 02ABA1C114103B37000417F4 /* Products */;
			projectDirPath = "";
			projectRoot = "";
			targets = (
				02ABA1BF14103B37000417F4 /* mongo-objc-driver */,
				02F121BC1410EF5200197811 /* mongo-test */,
				02216F151412D39200789BD1 /* Submodules */,
				02F239611764C75A00042A12 /* MongoObjectiveCTest */,
			);
		};
/* End PBXProject section */

/* Begin PBXResourcesBuildPhase section */
		02ABA1BE14103B37000417F4 /* Resources */ = {
			isa = PBXResourcesBuildPhase;
			buildActionMask = 2147483647;
			files = (
			);
			runOnlyForDeploymentPostprocessing = 0;
		};
		02F239601764C75A00042A12 /* Resources */ = {
			isa = PBXResourcesBuildPhase;
			buildActionMask = 2147483647;
			files = (
				02F239691764C75A00042A12 /* InfoPlist.strings in Resources */,
				02F2396F1764C75A00042A12 /* Credits.rtf in Resources */,
				02F239751764C75A00042A12 /* MainMenu.xib in Resources */,
			);
			runOnlyForDeploymentPostprocessing = 0;
		};
/* End PBXResourcesBuildPhase section */

/* Begin PBXShellScriptBuildPhase section */
		02216F191412D3B700789BD1 /* mongo-c-driver */ = {
			isa = PBXShellScriptBuildPhase;
			buildActionMask = 2147483647;
			files = (
			);
			inputPaths = (
			);
			name = "mongo-c-driver";
			outputPaths = (
			);
			runOnlyForDeploymentPostprocessing = 0;
			shellPath = /bin/sh;
			shellScript = "module_name=\"mongo-c-driver\"\nmodule_owner=\"fotonauts\"\nmodule_branch=\"master\"\nmodule_path=\"Libraries/${module_name}\"\n\nfiles=`ls \"${module_path}\" 2> /dev/null`\nif [ \"${files}\" = \"\" ] ; then\n  if [ -d .git ] ; then\n    echo \"\"\n  else\n    cd \"${module_path}\"\n    curl -o \"${module_name}.zip\" -L \"https://nodeload.github.com/${module_owner}/${module_name}/zipball/${module_branch}\"\n    unzip \"${module_name}.zip\"\n    rm \"${module_name}.zip\"\n    module_unzip_dir=`ls`\n    cd \"${module_unzip_dir}\"\n    mv * ..\n    cd ..\n    rm -fr \"${module_unzip_dir}\"\n  fi\nfi\n";
		};
		02216F1A1412D3CB00789BD1 /* libjson */ = {
			isa = PBXShellScriptBuildPhase;
			buildActionMask = 2147483647;
			files = (
			);
			inputPaths = (
			);
			name = libjson;
			outputPaths = (
			);
			runOnlyForDeploymentPostprocessing = 0;
			shellPath = /bin/sh;
			shellScript = "module_name=\"libjson\"\nmodule_owner=\"fotonauts\"\nmodule_branch=\"master\"\nmodule_path=\"Libraries/${module_name}\"\n\nfiles=`ls \"${module_path}\" 2> /dev/null`\nif [ \"${files}\" = \"\" ] ; then\n  if [ -d .git ] ; then\n    echo \"\"\n  else\n    cd \"${module_path}\"\n    curl -o \"${module_name}.zip\" -L \"https://nodeload.github.com/${module_owner}/${module_name}/zipball/${module_branch}\"\n    unzip \"${module_name}.zip\"\n    rm \"${module_name}.zip\"\n    module_unzip_dir=`ls`\n    cd \"${module_unzip_dir}\"\n    mv * ..\n    cd ..\n    rm -fr \"${module_unzip_dir}\"\n  fi\nfi\n";
		};
		02DB18A6172C7C2200B26EAE /* Update submodules */ = {
			isa = PBXShellScriptBuildPhase;
			buildActionMask = 2147483647;
			files = (
			);
			inputPaths = (
			);
			name = "Update submodules";
			outputPaths = (
			);
			runOnlyForDeploymentPostprocessing = 0;
			shellPath = /bin/sh;
			shellScript = "if [ -d \".git\" ] ; then\n  git submodule update --init\nfi\n";
		};
/* End PBXShellScriptBuildPhase section */

/* Begin PBXSourcesBuildPhase section */
		02ABA1BB14103B37000417F4 /* Sources */ = {
			isa = PBXSourcesBuildPhase;
			buildActionMask = 2147483647;
			files = (
				02216F681413031B00789BD1 /* json.c in Sources */,
				02A85F4614103D64004F3FE9 /* bson.c in Sources */,
				02A85F4714103D64004F3FE9 /* encoding.c in Sources */,
				02A85F4814103D64004F3FE9 /* gridfs.c in Sources */,
				02A85F4914103D64004F3FE9 /* md5.c in Sources */,
				02A85F4A14103D64004F3FE9 /* mongo.c in Sources */,
				02A85F4C14103D64004F3FE9 /* numbers.c in Sources */,
				02A85F5214103EA6004F3FE9 /* MODServer.m in Sources */,
				02688DDD14119CF50014ED51 /* MODDatabase.m in Sources */,
				02688DE31411C5010014ED51 /* MODCollection.m in Sources */,
				02A85F5A14104184004F3FE9 /* MODQuery.m in Sources */,
				02BDC3E8141D6073000EF755 /* MODCursor.m in Sources */,
				02BDC3EC141D83A7000EF755 /* MODServer_utils.m in Sources */,
				02AB057714296F9000B7CD19 /* MODObjectId.m in Sources */,
				0272D1C0142D48AF000091A4 /* MODJsonParser.m in Sources */,
				028CE606142E10BE0099B1F7 /* MODTimestamp.m in Sources */,
				02CF87EA142F8AA3000C4C7F /* MODRegex.m in Sources */,
				02CF87F3142FA66D000C4C7F /* MODJsonGenerator.m in Sources */,
				02411ABA1432D02700A5FFCA /* MODBinary.m in Sources */,
				025C56201433E7E40064B010 /* MODDBRef.m in Sources */,
				02B24274147D1BD6008A15A3 /* MODSortedMutableDictionary.m in Sources */,
				023ECFFD14851BEE00185781 /* MODSymbol.m in Sources */,
				026B94A014BC276100BA0688 /* MODUndefined.m in Sources */,
				022F8C52169B5EF20024D20C /* bcon.c in Sources */,
				022F8C54169B5EF20024D20C /* env.c in Sources */,
				02DB18AC172C8C5A00B26EAE /* NSData+Base64.m in Sources */,
				02DB18B0172C8C9700B26EAE /* NSString+Base64.m in Sources */,
			);
			runOnlyForDeploymentPostprocessing = 0;
		};
		02F121B91410EF5200197811 /* Sources */ = {
			isa = PBXSourcesBuildPhase;
			buildActionMask = 2147483647;
			files = (
				02216F1F1412D47800789BD1 /* json.c in Sources */,
				02F121C31410EF5200197811 /* main.m in Sources */,
				02F121CC1410F01B00197811 /* MODServer.m in Sources */,
				02F121CD1410F01D00197811 /* MODQuery.m in Sources */,
				02F121CE1410F07200197811 /* bson.c in Sources */,
				02F121CF1410F07200197811 /* encoding.c in Sources */,
				02F121D01410F07200197811 /* gridfs.c in Sources */,
				02F121D11410F07200197811 /* md5.c in Sources */,
				02F121D21410F07200197811 /* mongo.c in Sources */,
				02F121D41410F07200197811 /* numbers.c in Sources */,
				02688DDE14119CF50014ED51 /* MODDatabase.m in Sources */,
				02688DE41411C5010014ED51 /* MODCollection.m in Sources */,
				02BDC3EA141D6938000EF755 /* MODCursor.m in Sources */,
				02BDC3ED141D83A7000EF755 /* MODServer_utils.m in Sources */,
				02AB057814296F9000B7CD19 /* MODObjectId.m in Sources */,
				0272D1C2142D5A5C000091A4 /* MODJsonParser.m in Sources */,
				028CE608142E4A1A0099B1F7 /* MODTimestamp.m in Sources */,
				02CF87EC142F91CA000C4C7F /* MODRegex.m in Sources */,
				02CF87F4142FA66D000C4C7F /* MODJsonGenerator.m in Sources */,
				02411ABB1432D02700A5FFCA /* MODBinary.m in Sources */,
				025C56231433EE0E0064B010 /* MODDBRef.m in Sources */,
				02B24275147D1BD6008A15A3 /* MODSortedMutableDictionary.m in Sources */,
				023ECFFF1485237000185781 /* MODSymbol.m in Sources */,
				026B94A314BC278700BA0688 /* MODUndefined.m in Sources */,
				022F8C55169B5F420024D20C /* env.c in Sources */,
				022F8C56169B5F450024D20C /* bcon.c in Sources */,
				02DB18B1172C8DFA00B26EAE /* NSData+Base64.m in Sources */,
				02DB18B2172C8E0700B26EAE /* NSString+Base64.m in Sources */,
			);
			runOnlyForDeploymentPostprocessing = 0;
		};
		02F2395E1764C75A00042A12 /* Sources */ = {
			isa = PBXSourcesBuildPhase;
			buildActionMask = 2147483647;
			files = (
				02F2396B1764C75A00042A12 /* main.m in Sources */,
				02F239721764C75A00042A12 /* MOTAppDelegate.m in Sources */,
			);
			runOnlyForDeploymentPostprocessing = 0;
		};
/* End PBXSourcesBuildPhase section */

/* Begin PBXTargetDependency section */
		02216F1C1412D42B00789BD1 /* PBXTargetDependency */ = {
			isa = PBXTargetDependency;
			target = 02216F151412D39200789BD1 /* Submodules */;
			targetProxy = 02216F1B1412D42B00789BD1 /* PBXContainerItemProxy */;
		};
		02216F1E1412D43C00789BD1 /* PBXTargetDependency */ = {
			isa = PBXTargetDependency;
			target = 02216F151412D39200789BD1 /* Submodules */;
			targetProxy = 02216F1D1412D43C00789BD1 /* PBXContainerItemProxy */;
		};
		02F2397E1764C83400042A12 /* PBXTargetDependency */ = {
			isa = PBXTargetDependency;
			target = 02ABA1BF14103B37000417F4 /* mongo-objc-driver */;
			targetProxy = 02F2397D1764C83400042A12 /* PBXContainerItemProxy */;
		};
/* End PBXTargetDependency section */

/* Begin PBXVariantGroup section */
		02ABA1CC14103B37000417F4 /* InfoPlist.strings */ = {
			isa = PBXVariantGroup;
			children = (
				02ABA1CD14103B37000417F4 /* en */,
			);
			name = InfoPlist.strings;
			sourceTree = "<group>";
		};
		02F239671764C75A00042A12 /* InfoPlist.strings */ = {
			isa = PBXVariantGroup;
			children = (
				02F239681764C75A00042A12 /* en */,
			);
			name = InfoPlist.strings;
			sourceTree = "<group>";
		};
		02F2396D1764C75A00042A12 /* Credits.rtf */ = {
			isa = PBXVariantGroup;
			children = (
				02F2396E1764C75A00042A12 /* en */,
			);
			name = Credits.rtf;
			sourceTree = "<group>";
		};
		02F239731764C75A00042A12 /* MainMenu.xib */ = {
			isa = PBXVariantGroup;
			children = (
				02F239741764C75A00042A12 /* en */,
			);
			name = MainMenu.xib;
			sourceTree = "<group>";
		};
/* End PBXVariantGroup section */

/* Begin XCBuildConfiguration section */
		02216F171412D39200789BD1 /* Debug */ = {
			isa = XCBuildConfiguration;
			buildSettings = {
				PRODUCT_NAME = "$(TARGET_NAME)";
			};
			name = Debug;
		};
		02216F181412D39200789BD1 /* Release */ = {
			isa = XCBuildConfiguration;
			buildSettings = {
				PRODUCT_NAME = "$(TARGET_NAME)";
			};
			name = Release;
		};
		02ABA1D314103B37000417F4 /* Debug */ = {
			isa = XCBuildConfiguration;
			buildSettings = {
				ALWAYS_SEARCH_USER_PATHS = NO;
				ARCHS = "$(ARCHS_STANDARD_64_BIT)";
				COPY_PHASE_STRIP = NO;
				GCC_C_LANGUAGE_STANDARD = c99;
				GCC_DYNAMIC_NO_PIC = NO;
				GCC_ENABLE_OBJC_EXCEPTIONS = YES;
				GCC_OPTIMIZATION_LEVEL = 0;
				GCC_PREPROCESSOR_DEFINITIONS = (
					"_MONGO_USE_GETADDRINFO=1",
					"DEBUG=1",
				);
				GCC_SYMBOLS_PRIVATE_EXTERN = NO;
				GCC_TREAT_WARNINGS_AS_ERRORS = YES;
				GCC_VERSION = com.apple.compilers.llvm.clang.1_0;
				GCC_WARN_64_TO_32_BIT_CONVERSION = YES;
				GCC_WARN_ABOUT_MISSING_PROTOTYPES = YES;
				GCC_WARN_ABOUT_RETURN_TYPE = YES;
				GCC_WARN_UNUSED_VARIABLE = YES;
				MACOSX_DEPLOYMENT_TARGET = 10.7;
				ONLY_ACTIVE_ARCH = YES;
				SDKROOT = macosx;
			};
			name = Debug;
		};
		02ABA1D414103B37000417F4 /* Release */ = {
			isa = XCBuildConfiguration;
			buildSettings = {
				ALWAYS_SEARCH_USER_PATHS = NO;
				ARCHS = "$(ARCHS_STANDARD_64_BIT)";
				COPY_PHASE_STRIP = YES;
				DEBUG_INFORMATION_FORMAT = "dwarf-with-dsym";
				GCC_C_LANGUAGE_STANDARD = c99;
				GCC_ENABLE_OBJC_EXCEPTIONS = YES;
				GCC_PREPROCESSOR_DEFINITIONS = "_MONGO_USE_GETADDRINFO=1";
				GCC_TREAT_WARNINGS_AS_ERRORS = YES;
				GCC_VERSION = com.apple.compilers.llvm.clang.1_0;
				GCC_WARN_64_TO_32_BIT_CONVERSION = YES;
				GCC_WARN_ABOUT_MISSING_PROTOTYPES = YES;
				GCC_WARN_ABOUT_RETURN_TYPE = YES;
				GCC_WARN_UNUSED_VARIABLE = YES;
				MACOSX_DEPLOYMENT_TARGET = 10.7;
				SDKROOT = macosx;
			};
			name = Release;
		};
		02ABA1D614103B37000417F4 /* Debug */ = {
			isa = XCBuildConfiguration;
			buildSettings = {
				DYLIB_COMPATIBILITY_VERSION = 1;
				DYLIB_CURRENT_VERSION = 1;
				DYLIB_INSTALL_NAME_BASE = "@executable_path/../Frameworks";
				FRAMEWORK_VERSION = A;
				INFOPLIST_FILE = "Sources/mongo-objc-driver-Info.plist";
				LD_DYLIB_INSTALL_NAME = "$(DYLIB_INSTALL_NAME_BASE:standardizepath)/$(EXECUTABLE_PATH)";
				PRODUCT_NAME = "$(TARGET_NAME)";
				WRAPPER_EXTENSION = framework;
			};
			name = Debug;
		};
		02ABA1D714103B37000417F4 /* Release */ = {
			isa = XCBuildConfiguration;
			buildSettings = {
				DYLIB_COMPATIBILITY_VERSION = 1;
				DYLIB_CURRENT_VERSION = 1;
				DYLIB_INSTALL_NAME_BASE = "@executable_path/../Frameworks";
				FRAMEWORK_VERSION = A;
				INFOPLIST_FILE = "Sources/mongo-objc-driver-Info.plist";
				LD_DYLIB_INSTALL_NAME = "$(DYLIB_INSTALL_NAME_BASE:standardizepath)/$(EXECUTABLE_PATH)";
				PRODUCT_NAME = "$(TARGET_NAME)";
				WRAPPER_EXTENSION = framework;
			};
			name = Release;
		};
		02F121C81410EF5200197811 /* Debug */ = {
			isa = XCBuildConfiguration;
			buildSettings = {
				PRODUCT_NAME = "$(TARGET_NAME)";
			};
			name = Debug;
		};
		02F121C91410EF5200197811 /* Release */ = {
			isa = XCBuildConfiguration;
			buildSettings = {
				PRODUCT_NAME = "$(TARGET_NAME)";
			};
			name = Release;
		};
		02F239761764C75A00042A12 /* Debug */ = {
			isa = XCBuildConfiguration;
			buildSettings = {
				CLANG_CXX_LANGUAGE_STANDARD = "gnu++0x";
				CLANG_CXX_LIBRARY = "libc++";
				CLANG_WARN_CONSTANT_CONVERSION = YES;
				CLANG_WARN_EMPTY_BODY = YES;
				CLANG_WARN_ENUM_CONVERSION = YES;
				CLANG_WARN_INT_CONVERSION = YES;
				CLANG_WARN__DUPLICATE_METHOD_MATCH = YES;
				COMBINE_HIDPI_IMAGES = YES;
				FRAMEWORK_SEARCH_PATHS = (
					"$(inherited)",
					"\"$(SRCROOT)/Frameworks\"",
				);
				GCC_C_LANGUAGE_STANDARD = gnu99;
				GCC_PRECOMPILE_PREFIX_HEADER = YES;
				GCC_PREFIX_HEADER = "MongoObjectiveCTest/MongoObjectiveCTest-Prefix.pch";
				GCC_PREPROCESSOR_DEFINITIONS = (
					"DEBUG=1",
					"$(inherited)",
				);
				GCC_WARN_UNINITIALIZED_AUTOS = YES;
				INFOPLIST_FILE = "MongoObjectiveCTest/MongoObjectiveCTest-Info.plist";
				MACOSX_DEPLOYMENT_TARGET = 10.8;
				PRODUCT_NAME = "$(TARGET_NAME)";
				WRAPPER_EXTENSION = app;
			};
			name = Debug;
		};
		02F239771764C75A00042A12 /* Release */ = {
			isa = XCBuildConfiguration;
			buildSettings = {
				CLANG_CXX_LANGUAGE_STANDARD = "gnu++0x";
				CLANG_CXX_LIBRARY = "libc++";
				CLANG_WARN_CONSTANT_CONVERSION = YES;
				CLANG_WARN_EMPTY_BODY = YES;
				CLANG_WARN_ENUM_CONVERSION = YES;
				CLANG_WARN_INT_CONVERSION = YES;
				CLANG_WARN__DUPLICATE_METHOD_MATCH = YES;
				COMBINE_HIDPI_IMAGES = YES;
				FRAMEWORK_SEARCH_PATHS = (
					"$(inherited)",
					"\"$(SRCROOT)/Frameworks\"",
				);
				GCC_C_LANGUAGE_STANDARD = gnu99;
				GCC_PRECOMPILE_PREFIX_HEADER = YES;
				GCC_PREFIX_HEADER = "MongoObjectiveCTest/MongoObjectiveCTest-Prefix.pch";
				GCC_WARN_UNINITIALIZED_AUTOS = YES;
				INFOPLIST_FILE = "MongoObjectiveCTest/MongoObjectiveCTest-Info.plist";
				MACOSX_DEPLOYMENT_TARGET = 10.8;
				PRODUCT_NAME = "$(TARGET_NAME)";
				WRAPPER_EXTENSION = app;
			};
			name = Release;
		};
/* End XCBuildConfiguration section */

/* Begin XCConfigurationList section */
		02216F161412D39200789BD1 /* Build configuration list for PBXAggregateTarget "Submodules" */ = {
			isa = XCConfigurationList;
			buildConfigurations = (
				02216F171412D39200789BD1 /* Debug */,
				02216F181412D39200789BD1 /* Release */,
			);
			defaultConfigurationIsVisible = 0;
			defaultConfigurationName = Release;
		};
		02ABA1B914103B36000417F4 /* Build configuration list for PBXProject "mongo-objc-driver" */ = {
			isa = XCConfigurationList;
			buildConfigurations = (
				02ABA1D314103B37000417F4 /* Debug */,
				02ABA1D414103B37000417F4 /* Release */,
			);
			defaultConfigurationIsVisible = 0;
			defaultConfigurationName = Release;
		};
		02ABA1D514103B37000417F4 /* Build configuration list for PBXNativeTarget "mongo-objc-driver" */ = {
			isa = XCConfigurationList;
			buildConfigurations = (
				02ABA1D614103B37000417F4 /* Debug */,
				02ABA1D714103B37000417F4 /* Release */,
			);
			defaultConfigurationIsVisible = 0;
			defaultConfigurationName = Release;
		};
		02F121CA1410EF5200197811 /* Build configuration list for PBXNativeTarget "mongo-test" */ = {
			isa = XCConfigurationList;
			buildConfigurations = (
				02F121C81410EF5200197811 /* Debug */,
				02F121C91410EF5200197811 /* Release */,
			);
			defaultConfigurationIsVisible = 0;
			defaultConfigurationName = Release;
		};
		02F239781764C75A00042A12 /* Build configuration list for PBXNativeTarget "MongoObjectiveCTest" */ = {
			isa = XCConfigurationList;
			buildConfigurations = (
				02F239761764C75A00042A12 /* Debug */,
				02F239771764C75A00042A12 /* Release */,
			);
			defaultConfigurationIsVisible = 0;
			defaultConfigurationName = Release;
		};
/* End XCConfigurationList section */
	};
	rootObject = 02ABA1B614103B36000417F4 /* Project object */;
}
